{
  "version": 4,
  "terraform_version": "1.8.5",
  "serial": 987,
  "lineage": "16910bd2-8ad7-40ea-2e5b-0f796451d730",
  "outputs": {
    "db_instance_endpoint": {
      "value": "wordpress-rds-instance.cbgy0ouc03so.eu-west-3.rds.amazonaws.com:3306",
      "type": "string"
    },
    "private_subnets": {
      "value": [
        "subnet-07118147f0b5b7164",
        "subnet-04a6fc8e36231c830"
      ],
      "type": [
        "tuple",
        [
          "string",
          "string"
        ]
      ]
    },
    "rds_sg_id": {
      "value": "sg-02d0145461d2e9470",
      "type": "string"
    },
    "vpc_id": {
      "value": "vpc-038789552e8c9f3ee",
      "type": "string"
    }
  },
  "resources": [
    {
      "mode": "managed",
      "type": "aws_security_group_rule",
      "name": "allow_mysql_access_from_wordpress",
      "provider": "provider[\"registry.terraform.io/hashicorp/aws\"]",
      "instances": [
        {
          "schema_version": 2,
          "attributes": {
            "cidr_blocks": null,
            "description": "rattachement ec2rds",
            "from_port": 3306,
            "id": "sgrule-889289768",
            "ipv6_cidr_blocks": null,
            "prefix_list_ids": null,
            "protocol": "tcp",
            "security_group_id": "sg-02d0145461d2e9470",
            "security_group_rule_id": "sgr-0a92cc547aa8b7788",
            "self": false,
            "source_security_group_id": "sg-04f585805cc693753",
            "timeouts": null,
            "to_port": 3306,
            "type": "ingress"
          },
          "sensitive_attributes": [],
          "private": "eyJlMmJmYjczMC1lY2FhLTExZTYtOGY4OC0zNDM2M2JjN2M0YzAiOnsiY3JlYXRlIjozMDAwMDAwMDAwMDB9LCJzY2hlbWFfdmVyc2lvbiI6IjIifQ==",
          "dependencies": [
            "module.autoscaling.aws_autoscaling_attachment.app_tg_attachment",
            "module.autoscaling.aws_autoscaling_attachment.asg_attachment",
            "module.autoscaling.aws_autoscaling_group.Wordpress",
            "module.autoscaling.aws_key_pair.app_key",
            "module.autoscaling.aws_launch_template.Wordpress",
            "module.autoscaling.aws_lb.lb_app",
            "module.autoscaling.aws_lb_listener.front_end",
            "module.autoscaling.aws_lb_target_group.cibles",
            "module.autoscaling.aws_security_group.sg_app_lb",
            "module.autoscaling.aws_security_group.wordpress_sg",
            "module.autoscaling.data.template_file.install_wordpress",
            "module.rds.aws_db_instance.wordpress_db",
            "module.rds.aws_security_group.rds_sg",
            "module.vpc.aws_db_subnet_group.main",
            "module.vpc.aws_subnet.private_db_subnet",
            "module.vpc.aws_subnet.private_db_subnet2",
            "module.vpc.aws_subnet.private_subnet_a",
            "module.vpc.aws_subnet.private_subnet_b",
            "module.vpc.aws_subnet.public_subnet_a",
            "module.vpc.aws_subnet.public_subnet_b",
            "module.vpc.aws_vpc.app_vpc"
          ]
        }
      ]
    },
    {
      "module": "module.autoscaling",
      "mode": "data",
      "type": "template_file",
      "name": "install_wordpress",
      "provider": "provider[\"registry.terraform.io/hashicorp/template\"]",
      "instances": [
        {
          "schema_version": 0,
          "attributes": {
            "filename": null,
            "id": "6fddc57371e7fa01f3c4d19f0c77e77a9f079791da1e684b95622358013d9b42",
            "rendered": "#!/bin/bash\n\ndb_username=sanou\ndb_user_password=password\ndb_name=wordpressdb\ndb_endpoint=wordpress-rds-instance.cbgy0ouc03so.eu-west-3.rds.amazonaws.com:3306\n# EFS_FS_ID=\"fs-xxxxxxxxx\"\n\nsudo dnf update -y\n\n#install wget, apache server, php and efs utils\nsudo dnf install -y httpd mariadb105 wget php-fpm php-mysqli php-json php amazon-efs-utils \n\n#create wp-content mountpoint\n# sudo mkdir -p /var/www/html/wp-content\n# mount -t efs $EFS_FS_ID:/ /var/www/html/wp-content\n\n#install wordpress\ncd /var/www/html\nsudo wget https://wordpress.org/latest.tar.gz\nsudo tar -zxvf latest.tar.gz\nsudo rm latest.tar.gz\nsudo mv /var/www/html/wordpress/wp-config-sample.php /var/www/html/wordpress/wp-config.php\n\n#change wp-config with DB details\nsudo sed -i \"s/database_name_here/wordpressdb/g\" /var/www/html/wordpress/wp-config.php\nsudo sed -i \"s/username_here/sanou/g\" /var/www/html/wordpress/wp-config.php\nsudo sed -i \"s/password_here/password/g\" /var/www/html/wordpress/wp-config.php\nsudo sed -i \"s/localhost/wordpress-rds-instance.cbgy0ouc03so.eu-west-3.rds.amazonaws.com:3306/g\" /var/www/html/wordpress/wp-config.php\n\ncat \u003c\u003cEOF | sudo tee -a /var/www/html/wordpress/wp-config.php\ndefine( 'FS_METHOD', 'direct' );\ndefine('WP_MEMORY_LIMIT', '256M');\nEOF\n\n#change httpd.conf file to allowoverride\n#  enable .htaccess files in Apache config using sed command\nsudo sed -i '/\u003cDirectory \"\\/var\\/www\\/html\"\u003e/,/\u003c\\/Directory\u003e/ s/AllowOverride None/AllowOverride All/' /etc/httpd/conf/httpd.conf\nsudo chown -R apache:apache /var/www/html\nsudo chmod -R 755 /var/www/html\n\n# create phpinfo file\necho \"\u003c?php phpinfo(); ?\u003e\" \u003e /var/www/html/phpinfo.php\n\n# Recursively change OWNER of directory /var/www and all its contents\nsudo chown -R apache:apache /var/www\n\nsudo systemctl restart httpd\nsudo systemctl enable httpd\n",
            "template": "#!/bin/bash\n\ndb_username=${db_username}\ndb_user_password=${db_user_password}\ndb_name=${db_name}\ndb_endpoint=${db_endpoint}\n# EFS_FS_ID=\"fs-xxxxxxxxx\"\n\nsudo dnf update -y\n\n#install wget, apache server, php and efs utils\nsudo dnf install -y httpd mariadb105 wget php-fpm php-mysqli php-json php amazon-efs-utils \n\n#create wp-content mountpoint\n# sudo mkdir -p /var/www/html/wp-content\n# mount -t efs $EFS_FS_ID:/ /var/www/html/wp-content\n\n#install wordpress\ncd /var/www/html\nsudo wget https://wordpress.org/latest.tar.gz\nsudo tar -zxvf latest.tar.gz\nsudo rm latest.tar.gz\nsudo mv /var/www/html/wordpress/wp-config-sample.php /var/www/html/wordpress/wp-config.php\n\n#change wp-config with DB details\nsudo sed -i \"s/database_name_here/${db_name}/g\" /var/www/html/wordpress/wp-config.php\nsudo sed -i \"s/username_here/${db_username}/g\" /var/www/html/wordpress/wp-config.php\nsudo sed -i \"s/password_here/${db_user_password}/g\" /var/www/html/wordpress/wp-config.php\nsudo sed -i \"s/localhost/${db_endpoint}/g\" /var/www/html/wordpress/wp-config.php\n\ncat \u003c\u003cEOF | sudo tee -a /var/www/html/wordpress/wp-config.php\ndefine( 'FS_METHOD', 'direct' );\ndefine('WP_MEMORY_LIMIT', '256M');\nEOF\n\n#change httpd.conf file to allowoverride\n#  enable .htaccess files in Apache config using sed command\nsudo sed -i '/\u003cDirectory \"\\/var\\/www\\/html\"\u003e/,/\u003c\\/Directory\u003e/ s/AllowOverride None/AllowOverride All/' /etc/httpd/conf/httpd.conf\nsudo chown -R apache:apache /var/www/html\nsudo chmod -R 755 /var/www/html\n\n# create phpinfo file\necho \"\u003c?php phpinfo(); ?\u003e\" \u003e /var/www/html/phpinfo.php\n\n# Recursively change OWNER of directory /var/www and all its contents\nsudo chown -R apache:apache /var/www\n\nsudo systemctl restart httpd\nsudo systemctl enable httpd\n",
            "vars": {
              "db_endpoint": "wordpress-rds-instance.cbgy0ouc03so.eu-west-3.rds.amazonaws.com:3306",
              "db_name": "wordpressdb",
              "db_user_password": "password",
              "db_username": "sanou"
            }
          },
          "sensitive_attributes": [
            [
              {
                "type": "get_attr",
                "value": "vars"
              },
              {
                "type": "index",
                "value": {
                  "value": "db_user_password",
                  "type": "string"
                }
              }
            ],
            [
              {
                "type": "get_attr",
                "value": "vars"
              },
              {
                "type": "index",
                "value": {
                  "value": "db_username",
                  "type": "string"
                }
              }
            ]
          ]
        }
      ]
    },
    {
      "module": "module.autoscaling",
      "mode": "managed",
      "type": "aws_autoscaling_attachment",
      "name": "app_tg_attachment",
      "provider": "provider[\"registry.terraform.io/hashicorp/aws\"]",
      "instances": [
        {
          "schema_version": 0,
          "attributes": {
            "autoscaling_group_name": "auto-scaling-app",
            "elb": null,
            "id": "auto-scaling-app-2024062507345404280000000b",
            "lb_target_group_arn": "arn:aws:elasticloadbalancing:eu-west-3:700778905650:targetgroup/tf-app-lb-tg/b36c31778d664422"
          },
          "sensitive_attributes": [],
          "private": "bnVsbA==",
          "dependencies": [
            "module.autoscaling.aws_autoscaling_group.Wordpress",
            "module.autoscaling.aws_key_pair.app_key",
            "module.autoscaling.aws_launch_template.Wordpress",
            "module.autoscaling.aws_lb_target_group.cibles",
            "module.autoscaling.aws_security_group.sg_app_lb",
            "module.autoscaling.aws_security_group.wordpress_sg",
            "module.rds.aws_db_instance.wordpress_db",
            "module.rds.aws_security_group.rds_sg",
            "module.vpc.aws_db_subnet_group.main",
            "module.vpc.aws_subnet.private_db_subnet",
            "module.vpc.aws_subnet.private_db_subnet2",
            "module.vpc.aws_subnet.private_subnet_a",
            "module.vpc.aws_subnet.private_subnet_b",
            "module.vpc.aws_subnet.public_subnet_a",
            "module.vpc.aws_subnet.public_subnet_b",
            "module.vpc.aws_vpc.app_vpc"
          ]
        }
      ]
    },
    {
      "module": "module.autoscaling",
      "mode": "managed",
      "type": "aws_autoscaling_attachment",
      "name": "asg_attachment",
      "provider": "provider[\"registry.terraform.io/hashicorp/aws\"]",
      "instances": [
        {
          "schema_version": 0,
          "attributes": {
            "autoscaling_group_name": "auto-scaling-app",
            "elb": null,
            "id": "auto-scaling-app-2024062507345418590000000c",
            "lb_target_group_arn": "arn:aws:elasticloadbalancing:eu-west-3:700778905650:targetgroup/tf-app-lb-tg/b36c31778d664422"
          },
          "sensitive_attributes": [],
          "private": "bnVsbA==",
          "dependencies": [
            "module.autoscaling.aws_autoscaling_group.Wordpress",
            "module.autoscaling.aws_key_pair.app_key",
            "module.autoscaling.aws_launch_template.Wordpress",
            "module.autoscaling.aws_lb_target_group.cibles",
            "module.autoscaling.aws_security_group.sg_app_lb",
            "module.autoscaling.aws_security_group.wordpress_sg",
            "module.rds.aws_db_instance.wordpress_db",
            "module.rds.aws_security_group.rds_sg",
            "module.vpc.aws_db_subnet_group.main",
            "module.vpc.aws_subnet.private_db_subnet",
            "module.vpc.aws_subnet.private_db_subnet2",
            "module.vpc.aws_subnet.private_subnet_a",
            "module.vpc.aws_subnet.private_subnet_b",
            "module.vpc.aws_subnet.public_subnet_a",
            "module.vpc.aws_subnet.public_subnet_b",
            "module.vpc.aws_vpc.app_vpc"
          ]
        }
      ]
    },
    {
      "module": "module.autoscaling",
      "mode": "managed",
      "type": "aws_autoscaling_group",
      "name": "Wordpress",
      "provider": "provider[\"registry.terraform.io/hashicorp/aws\"]",
      "instances": [
        {
          "schema_version": 1,
          "attributes": {
            "arn": "arn:aws:autoscaling:eu-west-3:700778905650:autoScalingGroup:dc501782-a9b9-47f5-81b5-eb4d479860f7:autoScalingGroupName/auto-scaling-app",
            "availability_zones": [
              "eu-west-3a",
              "eu-west-3b"
            ],
            "capacity_rebalance": false,
            "context": "",
            "default_cooldown": 300,
            "default_instance_warmup": 0,
            "desired_capacity": 1,
            "desired_capacity_type": "",
            "enabled_metrics": null,
            "force_delete": false,
            "force_delete_warm_pool": false,
            "health_check_grace_period": 300,
            "health_check_type": "EC2",
            "id": "auto-scaling-app",
            "ignore_failed_scaling_activities": false,
            "initial_lifecycle_hook": [],
            "instance_maintenance_policy": [],
            "instance_refresh": [],
            "launch_configuration": "",
            "launch_template": [
              {
                "id": "lt-04131fc6938e92fa1",
                "name": "app-launch-template",
                "version": "1"
              }
            ],
            "load_balancers": [],
            "max_instance_lifetime": 0,
            "max_size": 2,
            "metrics_granularity": "1Minute",
            "min_elb_capacity": null,
            "min_size": 1,
            "mixed_instances_policy": [],
            "name": "auto-scaling-app",
            "name_prefix": "",
            "placement_group": "",
            "predicted_capacity": 0,
            "protect_from_scale_in": false,
            "service_linked_role_arn": "arn:aws:iam::700778905650:role/aws-service-role/autoscaling.amazonaws.com/AWSServiceRoleForAutoScaling",
            "suspended_processes": null,
            "tag": [
              {
                "key": "Name",
                "propagate_at_launch": true,
                "value": "auto-scaling"
              }
            ],
            "target_group_arns": [
              "arn:aws:elasticloadbalancing:eu-west-3:700778905650:targetgroup/tf-app-lb-tg/b36c31778d664422"
            ],
            "termination_policies": null,
            "timeouts": null,
            "traffic_source": [
              {
                "identifier": "arn:aws:elasticloadbalancing:eu-west-3:700778905650:targetgroup/tf-app-lb-tg/b36c31778d664422",
                "type": "elbv2"
              }
            ],
            "vpc_zone_identifier": [
              "subnet-014f68e74e17acada",
              "subnet-0f0f7bb82269d450e"
            ],
            "wait_for_capacity_timeout": "10m",
            "wait_for_elb_capacity": null,
            "warm_pool": [],
            "warm_pool_size": 0
          },
          "sensitive_attributes": [],
          "private": "eyJlMmJmYjczMC1lY2FhLTExZTYtOGY4OC0zNDM2M2JjN2M0YzAiOnsiZGVsZXRlIjo2MDAwMDAwMDAwMDAsInVwZGF0ZSI6NjAwMDAwMDAwMDAwfSwic2NoZW1hX3ZlcnNpb24iOiIxIn0=",
          "dependencies": [
            "module.autoscaling.aws_key_pair.app_key",
            "module.autoscaling.aws_launch_template.Wordpress",
            "module.autoscaling.aws_lb_target_group.cibles",
            "module.autoscaling.aws_security_group.sg_app_lb",
            "module.autoscaling.aws_security_group.wordpress_sg",
            "module.rds.aws_db_instance.wordpress_db",
            "module.rds.aws_security_group.rds_sg",
            "module.vpc.aws_db_subnet_group.main",
            "module.vpc.aws_subnet.private_db_subnet",
            "module.vpc.aws_subnet.private_db_subnet2",
            "module.vpc.aws_subnet.private_subnet_a",
            "module.vpc.aws_subnet.private_subnet_b",
            "module.vpc.aws_subnet.public_subnet_a",
            "module.vpc.aws_subnet.public_subnet_b",
            "module.vpc.aws_vpc.app_vpc"
          ],
          "create_before_destroy": true
        }
      ]
    },
    {
      "module": "module.autoscaling",
      "mode": "managed",
      "type": "aws_key_pair",
      "name": "app_key",
      "provider": "provider[\"registry.terraform.io/hashicorp/aws\"]",
      "instances": [
        {
          "schema_version": 1,
          "attributes": {
            "arn": "arn:aws:ec2:eu-west-3:700778905650:key-pair/app-key",
            "fingerprint": "06:50:9c:35:27:6b:5c:94:3b:ee:3c:9b:75:64:6e:3a",
            "id": "app-key",
            "key_name": "app-key",
            "key_name_prefix": "",
            "key_pair_id": "key-0bdef33cffaadfaea",
            "key_type": "rsa",
            "public_key": "ssh-rsa AAAAB3NzaC1yc2EAAAADAQABAAABgQDI7T5CY2oHMhzpoEdki7djXJ1LPlQ7UWtBlfqXywwRTZGVeNV3PfT4NjJcLHNA0wjUfHFou0du+jvhRSGRIowTMPvuVaSvfhxpOf7jWNZHNocZ1cmIuKLf/5aLC0Fd3M2/z0LBIGt1WuyrCOIztGGBwJ7UQdmZCPofG/rpiti+WIS5xJvaI7yq5TLhJgreYhTNg/Ub6KEjs1S+l+c77WCgCK3CQPRTM8xxEDiug6+BZMnMWRkU8lH9OplpKWD3/HgeSBsBpCvyiK5QsjOFwB3q/0W+nsl00lTNBgma/2OwEQl1lOesvIP7yMU63yKPCHkfv3xBJetyWGE8V4MIyb85SHkIGgfW1n4pkidJtBshNXy3fuPzdK8BpW5v09Xd4NxhW7VI4mjoWmTrO5gBYtc4zqk1heciCzXt42GTdNIC1Plc8A4bbKwu57JHtfly+0buVPoBtv68g5IQenqwPXl0Y13/ZIZFCBIcqvF5bxbloA4HReBHdLKCDi9RlS7sIX0= sanou@Sanou",
            "tags": null,
            "tags_all": {}
          },
          "sensitive_attributes": [],
          "private": "eyJzY2hlbWFfdmVyc2lvbiI6IjEifQ==",
          "dependencies": [
            "module.rds.aws_db_instance.wordpress_db",
            "module.rds.aws_security_group.rds_sg",
            "module.vpc.aws_db_subnet_group.main",
            "module.vpc.aws_subnet.private_db_subnet",
            "module.vpc.aws_subnet.private_db_subnet2",
            "module.vpc.aws_subnet.private_subnet_a",
            "module.vpc.aws_subnet.private_subnet_b",
            "module.vpc.aws_vpc.app_vpc"
          ],
          "create_before_destroy": true
        }
      ]
    },
    {
      "module": "module.autoscaling",
      "mode": "managed",
      "type": "aws_launch_template",
      "name": "Wordpress",
      "provider": "provider[\"registry.terraform.io/hashicorp/aws\"]",
      "instances": [
        {
          "schema_version": 0,
          "attributes": {
            "arn": "arn:aws:ec2:eu-west-3:700778905650:launch-template/lt-04131fc6938e92fa1",
            "block_device_mappings": [],
            "capacity_reservation_specification": [],
            "cpu_options": [],
            "credit_specification": [],
            "default_version": 1,
            "description": "",
            "disable_api_stop": false,
            "disable_api_termination": false,
            "ebs_optimized": "",
            "elastic_gpu_specifications": [],
            "elastic_inference_accelerator": [],
            "enclave_options": [],
            "hibernation_options": [],
            "iam_instance_profile": [],
            "id": "lt-04131fc6938e92fa1",
            "image_id": "ami-0fda19674ff597992",
            "instance_initiated_shutdown_behavior": "",
            "instance_market_options": [],
            "instance_requirements": [],
            "instance_type": "t2.micro",
            "kernel_id": "",
            "key_name": "app-key",
            "latest_version": 1,
            "license_specification": [],
            "maintenance_options": [],
            "metadata_options": [],
            "monitoring": [],
            "name": "app-launch-template",
            "name_prefix": "",
            "network_interfaces": [],
            "placement": [],
            "private_dns_name_options": [],
            "ram_disk_id": "",
            "security_group_names": null,
            "tag_specifications": [],
            "tags": {
              "Name": "app-template"
            },
            "tags_all": {
              "Name": "app-template"
            },
            "update_default_version": null,
            "user_data": "IyEvYmluL2Jhc2gKCmRiX3VzZXJuYW1lPSR7ZGJfdXNlcm5hbWV9CmRiX3VzZXJfcGFzc3dvcmQ9JHtkYl91c2VyX3Bhc3N3b3JkfQpkYl9uYW1lPSR7ZGJfbmFtZX0KZGJfZW5kcG9pbnQ9JHtkYl9lbmRwb2ludH0KIyBFRlNfRlNfSUQ9ImZzLXh4eHh4eHh4eCIKCnN1ZG8gZG5mIHVwZGF0ZSAteQoKI2luc3RhbGwgd2dldCwgYXBhY2hlIHNlcnZlciwgcGhwIGFuZCBlZnMgdXRpbHMKc3VkbyBkbmYgaW5zdGFsbCAteSBodHRwZCBtYXJpYWRiMTA1IHdnZXQgcGhwLWZwbSBwaHAtbXlzcWxpIHBocC1qc29uIHBocCBhbWF6b24tZWZzLXV0aWxzIAoKI2NyZWF0ZSB3cC1jb250ZW50IG1vdW50cG9pbnQKIyBzdWRvIG1rZGlyIC1wIC92YXIvd3d3L2h0bWwvd3AtY29udGVudAojIG1vdW50IC10IGVmcyAkRUZTX0ZTX0lEOi8gL3Zhci93d3cvaHRtbC93cC1jb250ZW50CgojaW5zdGFsbCB3b3JkcHJlc3MKY2QgL3Zhci93d3cvaHRtbApzdWRvIHdnZXQgaHR0cHM6Ly93b3JkcHJlc3Mub3JnL2xhdGVzdC50YXIuZ3oKc3VkbyB0YXIgLXp4dmYgbGF0ZXN0LnRhci5negpzdWRvIHJtIGxhdGVzdC50YXIuZ3oKc3VkbyBtdiAvdmFyL3d3dy9odG1sL3dvcmRwcmVzcy93cC1jb25maWctc2FtcGxlLnBocCAvdmFyL3d3dy9odG1sL3dvcmRwcmVzcy93cC1jb25maWcucGhwCgojY2hhbmdlIHdwLWNvbmZpZyB3aXRoIERCIGRldGFpbHMKc3VkbyBzZWQgLWkgInMvZGF0YWJhc2VfbmFtZV9oZXJlLyR7ZGJfbmFtZX0vZyIgL3Zhci93d3cvaHRtbC93b3JkcHJlc3Mvd3AtY29uZmlnLnBocApzdWRvIHNlZCAtaSAicy91c2VybmFtZV9oZXJlLyR7ZGJfdXNlcm5hbWV9L2ciIC92YXIvd3d3L2h0bWwvd29yZHByZXNzL3dwLWNvbmZpZy5waHAKc3VkbyBzZWQgLWkgInMvcGFzc3dvcmRfaGVyZS8ke2RiX3VzZXJfcGFzc3dvcmR9L2ciIC92YXIvd3d3L2h0bWwvd29yZHByZXNzL3dwLWNvbmZpZy5waHAKc3VkbyBzZWQgLWkgInMvbG9jYWxob3N0LyR7ZGJfZW5kcG9pbnR9L2ciIC92YXIvd3d3L2h0bWwvd29yZHByZXNzL3dwLWNvbmZpZy5waHAKCmNhdCA8PEVPRiB8IHN1ZG8gdGVlIC1hIC92YXIvd3d3L2h0bWwvd29yZHByZXNzL3dwLWNvbmZpZy5waHAKZGVmaW5lKCAnRlNfTUVUSE9EJywgJ2RpcmVjdCcgKTsKZGVmaW5lKCdXUF9NRU1PUllfTElNSVQnLCAnMjU2TScpOwpFT0YKCiNjaGFuZ2UgaHR0cGQuY29uZiBmaWxlIHRvIGFsbG93b3ZlcnJpZGUKIyAgZW5hYmxlIC5odGFjY2VzcyBmaWxlcyBpbiBBcGFjaGUgY29uZmlnIHVzaW5nIHNlZCBjb21tYW5kCnN1ZG8gc2VkIC1pICcvPERpcmVjdG9yeSAiXC92YXJcL3d3d1wvaHRtbCI+LywvPFwvRGlyZWN0b3J5Pi8gcy9BbGxvd092ZXJyaWRlIE5vbmUvQWxsb3dPdmVycmlkZSBBbGwvJyAvZXRjL2h0dHBkL2NvbmYvaHR0cGQuY29uZgpzdWRvIGNob3duIC1SIGFwYWNoZTphcGFjaGUgL3Zhci93d3cvaHRtbApzdWRvIGNobW9kIC1SIDc1NSAvdmFyL3d3dy9odG1sCgojIGNyZWF0ZSBwaHBpbmZvIGZpbGUKZWNobyAiPD9waHAgcGhwaW5mbygpOyA/PiIgPiAvdmFyL3d3dy9odG1sL3BocGluZm8ucGhwCgojIFJlY3Vyc2l2ZWx5IGNoYW5nZSBPV05FUiBvZiBkaXJlY3RvcnkgL3Zhci93d3cgYW5kIGFsbCBpdHMgY29udGVudHMKc3VkbyBjaG93biAtUiBhcGFjaGU6YXBhY2hlIC92YXIvd3d3CgpzdWRvIHN5c3RlbWN0bCByZXN0YXJ0IGh0dHBkCnN1ZG8gc3lzdGVtY3RsIGVuYWJsZSBodHRwZAo=",
            "vpc_security_group_ids": [
              "sg-02d0145461d2e9470",
              "sg-04f585805cc693753",
              "sg-070f6770a456bbd82"
            ]
          },
          "sensitive_attributes": [],
          "private": "bnVsbA==",
          "dependencies": [
            "module.autoscaling.aws_key_pair.app_key",
            "module.autoscaling.aws_security_group.sg_app_lb",
            "module.autoscaling.aws_security_group.wordpress_sg",
            "module.rds.aws_db_instance.wordpress_db",
            "module.rds.aws_security_group.rds_sg",
            "module.vpc.aws_db_subnet_group.main",
            "module.vpc.aws_subnet.private_db_subnet",
            "module.vpc.aws_subnet.private_db_subnet2",
            "module.vpc.aws_subnet.private_subnet_a",
            "module.vpc.aws_subnet.private_subnet_b",
            "module.vpc.aws_vpc.app_vpc"
          ],
          "create_before_destroy": true
        }
      ]
    },
    {
      "module": "module.autoscaling",
      "mode": "managed",
      "type": "aws_lb",
      "name": "lb_app",
      "provider": "provider[\"registry.terraform.io/hashicorp/aws\"]",
      "instances": [
        {
          "schema_version": 0,
          "attributes": {
            "access_logs": [
              {
                "bucket": "",
                "enabled": false,
                "prefix": ""
              }
            ],
            "arn": "arn:aws:elasticloadbalancing:eu-west-3:700778905650:loadbalancer/app/load-balancer/94afd246478d680f",
            "arn_suffix": "app/load-balancer/94afd246478d680f",
            "client_keep_alive": 3600,
            "connection_logs": [
              {
                "bucket": "",
                "enabled": false,
                "prefix": ""
              }
            ],
            "customer_owned_ipv4_pool": "",
            "desync_mitigation_mode": "defensive",
            "dns_name": "load-balancer-1798067954.eu-west-3.elb.amazonaws.com",
            "dns_record_client_routing_policy": null,
            "drop_invalid_header_fields": false,
            "enable_cross_zone_load_balancing": true,
            "enable_deletion_protection": false,
            "enable_http2": true,
            "enable_tls_version_and_cipher_suite_headers": false,
            "enable_waf_fail_open": false,
            "enable_xff_client_port": false,
            "enforce_security_group_inbound_rules_on_private_link_traffic": "",
            "id": "arn:aws:elasticloadbalancing:eu-west-3:700778905650:loadbalancer/app/load-balancer/94afd246478d680f",
            "idle_timeout": 60,
            "internal": false,
            "ip_address_type": "ipv4",
            "load_balancer_type": "application",
            "name": "load-balancer",
            "name_prefix": "",
            "preserve_host_header": false,
            "security_groups": [
              "sg-070f6770a456bbd82"
            ],
            "subnet_mapping": [
              {
                "allocation_id": "",
                "ipv6_address": "",
                "outpost_id": "",
                "private_ipv4_address": "",
                "subnet_id": "subnet-014f68e74e17acada"
              },
              {
                "allocation_id": "",
                "ipv6_address": "",
                "outpost_id": "",
                "private_ipv4_address": "",
                "subnet_id": "subnet-0f0f7bb82269d450e"
              }
            ],
            "subnets": [
              "subnet-014f68e74e17acada",
              "subnet-0f0f7bb82269d450e"
            ],
            "tags": null,
            "tags_all": {},
            "timeouts": null,
            "vpc_id": "vpc-038789552e8c9f3ee",
            "xff_header_processing_mode": "append",
            "zone_id": "Z3Q77PNBQS71R4"
          },
          "sensitive_attributes": [],
          "private": "eyJlMmJmYjczMC1lY2FhLTExZTYtOGY4OC0zNDM2M2JjN2M0YzAiOnsiY3JlYXRlIjo2MDAwMDAwMDAwMDAsImRlbGV0ZSI6NjAwMDAwMDAwMDAwLCJ1cGRhdGUiOjYwMDAwMDAwMDAwMH19",
          "dependencies": [
            "module.autoscaling.aws_security_group.sg_app_lb",
            "module.rds.aws_db_instance.wordpress_db",
            "module.rds.aws_security_group.rds_sg",
            "module.vpc.aws_db_subnet_group.main",
            "module.vpc.aws_subnet.private_db_subnet",
            "module.vpc.aws_subnet.private_db_subnet2",
            "module.vpc.aws_subnet.private_subnet_a",
            "module.vpc.aws_subnet.private_subnet_b",
            "module.vpc.aws_subnet.public_subnet_a",
            "module.vpc.aws_subnet.public_subnet_b",
            "module.vpc.aws_vpc.app_vpc"
          ]
        }
      ]
    },
    {
      "module": "module.autoscaling",
      "mode": "managed",
      "type": "aws_lb_listener",
      "name": "front_end",
      "provider": "provider[\"registry.terraform.io/hashicorp/aws\"]",
      "instances": [
        {
          "schema_version": 0,
          "attributes": {
            "alpn_policy": null,
            "arn": "arn:aws:elasticloadbalancing:eu-west-3:700778905650:listener/app/load-balancer/94afd246478d680f/81f3b73c16b540c0",
            "certificate_arn": null,
            "default_action": [
              {
                "authenticate_cognito": [],
                "authenticate_oidc": [],
                "fixed_response": [],
                "forward": [],
                "order": 1,
                "redirect": [],
                "target_group_arn": "arn:aws:elasticloadbalancing:eu-west-3:700778905650:targetgroup/tf-app-lb-tg/b36c31778d664422",
                "type": "forward"
              }
            ],
            "id": "arn:aws:elasticloadbalancing:eu-west-3:700778905650:listener/app/load-balancer/94afd246478d680f/81f3b73c16b540c0",
            "load_balancer_arn": "arn:aws:elasticloadbalancing:eu-west-3:700778905650:loadbalancer/app/load-balancer/94afd246478d680f",
            "mutual_authentication": [],
            "port": 80,
            "protocol": "HTTP",
            "ssl_policy": "",
            "tags": null,
            "tags_all": {},
            "timeouts": null
          },
          "sensitive_attributes": [],
          "private": "eyJlMmJmYjczMC1lY2FhLTExZTYtOGY4OC0zNDM2M2JjN2M0YzAiOnsiY3JlYXRlIjozMDAwMDAwMDAwMDAsInVwZGF0ZSI6MzAwMDAwMDAwMDAwfX0=",
          "dependencies": [
            "module.autoscaling.aws_lb.lb_app",
            "module.autoscaling.aws_lb_target_group.cibles",
            "module.autoscaling.aws_security_group.sg_app_lb",
            "module.rds.aws_db_instance.wordpress_db",
            "module.rds.aws_security_group.rds_sg",
            "module.vpc.aws_db_subnet_group.main",
            "module.vpc.aws_subnet.private_db_subnet",
            "module.vpc.aws_subnet.private_db_subnet2",
            "module.vpc.aws_subnet.private_subnet_a",
            "module.vpc.aws_subnet.private_subnet_b",
            "module.vpc.aws_subnet.public_subnet_a",
            "module.vpc.aws_subnet.public_subnet_b",
            "module.vpc.aws_vpc.app_vpc"
          ]
        }
      ]
    },
    {
      "module": "module.autoscaling",
      "mode": "managed",
      "type": "aws_lb_target_group",
      "name": "cibles",
      "provider": "provider[\"registry.terraform.io/hashicorp/aws\"]",
      "instances": [
        {
          "schema_version": 0,
          "attributes": {
            "arn": "arn:aws:elasticloadbalancing:eu-west-3:700778905650:targetgroup/tf-app-lb-tg/b36c31778d664422",
            "arn_suffix": "targetgroup/tf-app-lb-tg/b36c31778d664422",
            "connection_termination": null,
            "deregistration_delay": "300",
            "health_check": [
              {
                "enabled": true,
                "healthy_threshold": 3,
                "interval": 15,
                "matcher": "200",
                "path": "/",
                "port": "traffic-port",
                "protocol": "HTTP",
                "timeout": 3,
                "unhealthy_threshold": 3
              }
            ],
            "id": "arn:aws:elasticloadbalancing:eu-west-3:700778905650:targetgroup/tf-app-lb-tg/b36c31778d664422",
            "ip_address_type": "ipv4",
            "lambda_multi_value_headers_enabled": false,
            "load_balancer_arns": [],
            "load_balancing_algorithm_type": "round_robin",
            "load_balancing_anomaly_mitigation": "off",
            "load_balancing_cross_zone_enabled": "use_load_balancer_configuration",
            "name": "tf-app-lb-tg",
            "name_prefix": "",
            "port": 80,
            "preserve_client_ip": null,
            "protocol": "HTTP",
            "protocol_version": "HTTP1",
            "proxy_protocol_v2": false,
            "slow_start": 0,
            "stickiness": [
              {
                "cookie_duration": 86400,
                "cookie_name": "",
                "enabled": false,
                "type": "lb_cookie"
              }
            ],
            "tags": null,
            "tags_all": {},
            "target_failover": [
              {
                "on_deregistration": null,
                "on_unhealthy": null
              }
            ],
            "target_health_state": [
              {
                "enable_unhealthy_connection_termination": null
              }
            ],
            "target_type": "instance",
            "vpc_id": "vpc-038789552e8c9f3ee"
          },
          "sensitive_attributes": [],
          "private": "bnVsbA==",
          "dependencies": [
            "module.rds.aws_db_instance.wordpress_db",
            "module.rds.aws_security_group.rds_sg",
            "module.vpc.aws_db_subnet_group.main",
            "module.vpc.aws_subnet.private_db_subnet",
            "module.vpc.aws_subnet.private_db_subnet2",
            "module.vpc.aws_subnet.private_subnet_a",
            "module.vpc.aws_subnet.private_subnet_b",
            "module.vpc.aws_vpc.app_vpc"
          ],
          "create_before_destroy": true
        }
      ]
    },
    {
      "module": "module.autoscaling",
      "mode": "managed",
      "type": "aws_security_group",
      "name": "sg_app_lb",
      "provider": "provider[\"registry.terraform.io/hashicorp/aws\"]",
      "instances": [
        {
          "schema_version": 1,
          "attributes": {
            "arn": "arn:aws:ec2:eu-west-3:700778905650:security-group/sg-070f6770a456bbd82",
            "description": "Managed by Terraform",
            "egress": [
              {
                "cidr_blocks": [
                  "0.0.0.0/0"
                ],
                "description": "",
                "from_port": 0,
                "ipv6_cidr_blocks": [],
                "prefix_list_ids": [],
                "protocol": "-1",
                "security_groups": [],
                "self": false,
                "to_port": 0
              }
            ],
            "id": "sg-070f6770a456bbd82",
            "ingress": [
              {
                "cidr_blocks": [
                  "0.0.0.0/0"
                ],
                "description": "",
                "from_port": 443,
                "ipv6_cidr_blocks": [],
                "prefix_list_ids": [],
                "protocol": "tcp",
                "security_groups": [],
                "self": false,
                "to_port": 443
              },
              {
                "cidr_blocks": [
                  "0.0.0.0/0"
                ],
                "description": "",
                "from_port": 80,
                "ipv6_cidr_blocks": [],
                "prefix_list_ids": [],
                "protocol": "tcp",
                "security_groups": [],
                "self": false,
                "to_port": 80
              }
            ],
            "name": "sg_loadbalancer",
            "name_prefix": "",
            "owner_id": "700778905650",
            "revoke_rules_on_delete": false,
            "tags": {
              "Name": "SG-lb"
            },
            "tags_all": {
              "Name": "SG-lb"
            },
            "timeouts": null,
            "vpc_id": "vpc-038789552e8c9f3ee"
          },
          "sensitive_attributes": [],
          "private": "eyJlMmJmYjczMC1lY2FhLTExZTYtOGY4OC0zNDM2M2JjN2M0YzAiOnsiY3JlYXRlIjo2MDAwMDAwMDAwMDAsImRlbGV0ZSI6OTAwMDAwMDAwMDAwfSwic2NoZW1hX3ZlcnNpb24iOiIxIn0=",
          "dependencies": [
            "module.rds.aws_db_instance.wordpress_db",
            "module.rds.aws_security_group.rds_sg",
            "module.vpc.aws_db_subnet_group.main",
            "module.vpc.aws_subnet.private_db_subnet",
            "module.vpc.aws_subnet.private_db_subnet2",
            "module.vpc.aws_subnet.private_subnet_a",
            "module.vpc.aws_subnet.private_subnet_b",
            "module.vpc.aws_vpc.app_vpc"
          ],
          "create_before_destroy": true
        }
      ]
    },
    {
      "module": "module.autoscaling",
      "mode": "managed",
      "type": "aws_security_group",
      "name": "wordpress_sg",
      "provider": "provider[\"registry.terraform.io/hashicorp/aws\"]",
      "instances": [
        {
          "schema_version": 1,
          "attributes": {
            "arn": "arn:aws:ec2:eu-west-3:700778905650:security-group/sg-04f585805cc693753",
            "description": "Allow HTTP access",
            "egress": [
              {
                "cidr_blocks": [
                  "0.0.0.0/0"
                ],
                "description": "",
                "from_port": 0,
                "ipv6_cidr_blocks": [],
                "prefix_list_ids": [],
                "protocol": "-1",
                "security_groups": [],
                "self": false,
                "to_port": 0
              }
            ],
            "id": "sg-04f585805cc693753",
            "ingress": [
              {
                "cidr_blocks": [
                  "0.0.0.0/0"
                ],
                "description": "",
                "from_port": 22,
                "ipv6_cidr_blocks": [],
                "prefix_list_ids": [],
                "protocol": "tcp",
                "security_groups": [],
                "self": false,
                "to_port": 22
              },
              {
                "cidr_blocks": [
                  "0.0.0.0/0"
                ],
                "description": "",
                "from_port": 443,
                "ipv6_cidr_blocks": [],
                "prefix_list_ids": [],
                "protocol": "tcp",
                "security_groups": [],
                "self": false,
                "to_port": 443
              },
              {
                "cidr_blocks": [
                  "0.0.0.0/0"
                ],
                "description": "",
                "from_port": 80,
                "ipv6_cidr_blocks": [],
                "prefix_list_ids": [],
                "protocol": "tcp",
                "security_groups": [],
                "self": false,
                "to_port": 80
              },
              {
                "cidr_blocks": [],
                "description": "",
                "from_port": 3306,
                "ipv6_cidr_blocks": [],
                "prefix_list_ids": [],
                "protocol": "tcp",
                "security_groups": [
                  "sg-02d0145461d2e9470"
                ],
                "self": false,
                "to_port": 3306
              }
            ],
            "name": "wordpress_sg",
            "name_prefix": "",
            "owner_id": "700778905650",
            "revoke_rules_on_delete": false,
            "tags": {
              "Name": "Wordpress-SG"
            },
            "tags_all": {
              "Name": "Wordpress-SG"
            },
            "timeouts": null,
            "vpc_id": "vpc-038789552e8c9f3ee"
          },
          "sensitive_attributes": [],
          "private": "eyJlMmJmYjczMC1lY2FhLTExZTYtOGY4OC0zNDM2M2JjN2M0YzAiOnsiY3JlYXRlIjo2MDAwMDAwMDAwMDAsImRlbGV0ZSI6OTAwMDAwMDAwMDAwfSwic2NoZW1hX3ZlcnNpb24iOiIxIn0=",
          "dependencies": [
            "module.rds.aws_db_instance.wordpress_db",
            "module.rds.aws_security_group.rds_sg",
            "module.vpc.aws_db_subnet_group.main",
            "module.vpc.aws_subnet.private_db_subnet",
            "module.vpc.aws_subnet.private_db_subnet2",
            "module.vpc.aws_subnet.private_subnet_a",
            "module.vpc.aws_subnet.private_subnet_b",
            "module.vpc.aws_vpc.app_vpc"
          ],
          "create_before_destroy": true
        }
      ]
    },
    {
      "module": "module.bastion",
      "mode": "managed",
      "type": "aws_instance",
      "name": "bastion",
      "provider": "provider[\"registry.terraform.io/hashicorp/aws\"]",
      "instances": [
        {
          "schema_version": 1,
          "attributes": {
            "ami": "ami-0fda19674ff597992",
            "arn": "arn:aws:ec2:eu-west-3:700778905650:instance/i-0fe1924f021bc21df",
            "associate_public_ip_address": true,
            "availability_zone": "eu-west-3a",
            "capacity_reservation_specification": [
              {
                "capacity_reservation_preference": "open",
                "capacity_reservation_target": []
              }
            ],
            "cpu_core_count": 1,
            "cpu_options": [
              {
                "amd_sev_snp": "",
                "core_count": 1,
                "threads_per_core": 1
              }
            ],
            "cpu_threads_per_core": 1,
            "credit_specification": [
              {
                "cpu_credits": "standard"
              }
            ],
            "disable_api_stop": false,
            "disable_api_termination": false,
            "ebs_block_device": [],
            "ebs_optimized": false,
            "enclave_options": [
              {
                "enabled": false
              }
            ],
            "ephemeral_block_device": [],
            "get_password_data": false,
            "hibernation": false,
            "host_id": "",
            "host_resource_group_arn": null,
            "iam_instance_profile": "",
            "id": "i-0fe1924f021bc21df",
            "instance_initiated_shutdown_behavior": "stop",
            "instance_lifecycle": "",
            "instance_market_options": [],
            "instance_state": "running",
            "instance_type": "t2.micro",
            "ipv6_address_count": 0,
            "ipv6_addresses": [],
            "key_name": "app-key",
            "launch_template": [],
            "maintenance_options": [
              {
                "auto_recovery": "default"
              }
            ],
            "metadata_options": [
              {
                "http_endpoint": "enabled",
                "http_protocol_ipv6": "disabled",
                "http_put_response_hop_limit": 2,
                "http_tokens": "required",
                "instance_metadata_tags": "disabled"
              }
            ],
            "monitoring": false,
            "network_interface": [],
            "outpost_arn": "",
            "password_data": "",
            "placement_group": "",
            "placement_partition_number": 0,
            "primary_network_interface_id": "eni-0ad954236b0cfe190",
            "private_dns": "ip-10-0-1-209.eu-west-3.compute.internal",
            "private_dns_name_options": [
              {
                "enable_resource_name_dns_a_record": false,
                "enable_resource_name_dns_aaaa_record": false,
                "hostname_type": "ip-name"
              }
            ],
            "private_ip": "10.0.1.209",
            "public_dns": "ec2-15-237-113-160.eu-west-3.compute.amazonaws.com",
            "public_ip": "15.237.113.160",
            "root_block_device": [
              {
                "delete_on_termination": true,
                "device_name": "/dev/xvda",
                "encrypted": false,
                "iops": 3000,
                "kms_key_id": "",
                "tags": {},
                "tags_all": {},
                "throughput": 125,
                "volume_id": "vol-0ab457a813292aa35",
                "volume_size": 8,
                "volume_type": "gp3"
              }
            ],
            "secondary_private_ips": [],
            "security_groups": [],
            "source_dest_check": true,
            "spot_instance_request_id": "",
            "subnet_id": "subnet-014f68e74e17acada",
            "tags": {
              "Name": "Bastion"
            },
            "tags_all": {
              "Name": "Bastion"
            },
            "tenancy": "default",
            "timeouts": null,
            "user_data": "0c4478e9474c9f45880677966fa395a8f28b0502",
            "user_data_base64": null,
            "user_data_replace_on_change": false,
            "volume_tags": null,
            "vpc_security_group_ids": [
              "sg-0231e125614072a27",
              "sg-02d0145461d2e9470",
              "sg-04f585805cc693753"
            ]
          },
          "sensitive_attributes": [],
          "private": "eyJlMmJmYjczMC1lY2FhLTExZTYtOGY4OC0zNDM2M2JjN2M0YzAiOnsiY3JlYXRlIjo2MDAwMDAwMDAwMDAsImRlbGV0ZSI6MTIwMDAwMDAwMDAwMCwicmVhZCI6OTAwMDAwMDAwMDAwLCJ1cGRhdGUiOjYwMDAwMDAwMDAwMH0sInNjaGVtYV92ZXJzaW9uIjoiMSJ9",
          "dependencies": [
            "module.autoscaling.aws_key_pair.app_key",
            "module.autoscaling.aws_security_group.wordpress_sg",
            "module.bastion.aws_security_group.bastion_sg",
            "module.rds.aws_db_instance.wordpress_db",
            "module.rds.aws_security_group.rds_sg",
            "module.vpc.aws_db_subnet_group.main",
            "module.vpc.aws_subnet.private_db_subnet",
            "module.vpc.aws_subnet.private_db_subnet2",
            "module.vpc.aws_subnet.private_subnet_a",
            "module.vpc.aws_subnet.private_subnet_b",
            "module.vpc.aws_subnet.public_subnet_a",
            "module.vpc.aws_subnet.public_subnet_b",
            "module.vpc.aws_vpc.app_vpc"
          ]
        }
      ]
    },
    {
      "module": "module.bastion",
      "mode": "managed",
      "type": "aws_security_group",
      "name": "bastion_sg",
      "provider": "provider[\"registry.terraform.io/hashicorp/aws\"]",
      "instances": [
        {
          "schema_version": 1,
          "attributes": {
            "arn": "arn:aws:ec2:eu-west-3:700778905650:security-group/sg-0231e125614072a27",
            "description": "Security group for bastion",
            "egress": [
              {
                "cidr_blocks": [
                  "0.0.0.0/0"
                ],
                "description": "",
                "from_port": 0,
                "ipv6_cidr_blocks": [],
                "prefix_list_ids": [],
                "protocol": "-1",
                "security_groups": [],
                "self": false,
                "to_port": 0
              }
            ],
            "id": "sg-0231e125614072a27",
            "ingress": [
              {
                "cidr_blocks": [
                  "0.0.0.0/0"
                ],
                "description": "",
                "from_port": 22,
                "ipv6_cidr_blocks": [],
                "prefix_list_ids": [],
                "protocol": "tcp",
                "security_groups": [],
                "self": false,
                "to_port": 22
              }
            ],
            "name": "bastion-sg",
            "name_prefix": "",
            "owner_id": "700778905650",
            "revoke_rules_on_delete": false,
            "tags": {
              "Name": "bastion-sg"
            },
            "tags_all": {
              "Name": "bastion-sg"
            },
            "timeouts": null,
            "vpc_id": "vpc-038789552e8c9f3ee"
          },
          "sensitive_attributes": [],
          "private": "eyJlMmJmYjczMC1lY2FhLTExZTYtOGY4OC0zNDM2M2JjN2M0YzAiOnsiY3JlYXRlIjo2MDAwMDAwMDAwMDAsImRlbGV0ZSI6OTAwMDAwMDAwMDAwfSwic2NoZW1hX3ZlcnNpb24iOiIxIn0=",
          "dependencies": [
            "module.vpc.aws_vpc.app_vpc"
          ]
        }
      ]
    },
    {
      "module": "module.bastion",
      "mode": "managed",
      "type": "aws_security_group",
      "name": "liens_bastion",
      "provider": "provider[\"registry.terraform.io/hashicorp/aws\"]",
      "instances": [
        {
          "schema_version": 1,
          "attributes": {
            "arn": "arn:aws:ec2:eu-west-3:700778905650:security-group/sg-06d53143e01b6c759",
            "description": "SG EC2-RDS",
            "egress": [],
            "id": "sg-06d53143e01b6c759",
            "ingress": [
              {
                "cidr_blocks": [],
                "description": "",
                "from_port": 3306,
                "ipv6_cidr_blocks": [],
                "prefix_list_ids": [],
                "protocol": "tcp",
                "security_groups": [
                  "sg-02d0145461d2e9470"
                ],
                "self": false,
                "to_port": 3306
              },
              {
                "cidr_blocks": [],
                "description": "",
                "from_port": 80,
                "ipv6_cidr_blocks": [],
                "prefix_list_ids": [],
                "protocol": "tcp",
                "security_groups": [
                  "sg-04f585805cc693753"
                ],
                "self": false,
                "to_port": 80
              }
            ],
            "name": "bastion-link",
            "name_prefix": "",
            "owner_id": "700778905650",
            "revoke_rules_on_delete": false,
            "tags": null,
            "tags_all": {},
            "timeouts": null,
            "vpc_id": "vpc-038789552e8c9f3ee"
          },
          "sensitive_attributes": [],
          "private": "eyJlMmJmYjczMC1lY2FhLTExZTYtOGY4OC0zNDM2M2JjN2M0YzAiOnsiY3JlYXRlIjo2MDAwMDAwMDAwMDAsImRlbGV0ZSI6OTAwMDAwMDAwMDAwfSwic2NoZW1hX3ZlcnNpb24iOiIxIn0=",
          "dependencies": [
            "module.autoscaling.aws_security_group.wordpress_sg",
            "module.rds.aws_db_instance.wordpress_db",
            "module.rds.aws_security_group.rds_sg",
            "module.vpc.aws_db_subnet_group.main",
            "module.vpc.aws_subnet.private_db_subnet",
            "module.vpc.aws_subnet.private_db_subnet2",
            "module.vpc.aws_subnet.private_subnet_a",
            "module.vpc.aws_subnet.private_subnet_b",
            "module.vpc.aws_vpc.app_vpc"
          ]
        }
      ]
    },
    {
      "module": "module.rds",
      "mode": "managed",
      "type": "aws_db_instance",
      "name": "wordpress_db",
      "provider": "provider[\"registry.terraform.io/hashicorp/aws\"]",
      "instances": [
        {
          "schema_version": 2,
          "attributes": {
            "address": "wordpress-rds-instance.cbgy0ouc03so.eu-west-3.rds.amazonaws.com",
            "allocated_storage": 20,
            "allow_major_version_upgrade": null,
            "apply_immediately": false,
            "arn": "arn:aws:rds:eu-west-3:700778905650:db:wordpress-rds-instance",
            "auto_minor_version_upgrade": true,
            "availability_zone": "eu-west-3a",
            "backup_retention_period": 0,
            "backup_target": "region",
            "backup_window": "08:03-08:33",
            "blue_green_update": [],
            "ca_cert_identifier": "rds-ca-rsa2048-g1",
            "character_set_name": "",
            "copy_tags_to_snapshot": false,
            "custom_iam_instance_profile": "",
            "customer_owned_ip_enabled": false,
            "db_name": "wordpressdb",
            "db_subnet_group_name": "db-subnet-group",
            "dedicated_log_volume": false,
            "delete_automated_backups": true,
            "deletion_protection": false,
            "domain": "",
            "domain_auth_secret_arn": "",
            "domain_dns_ips": null,
            "domain_fqdn": "",
            "domain_iam_role_name": "",
            "domain_ou": "",
            "enabled_cloudwatch_logs_exports": null,
            "endpoint": "wordpress-rds-instance.cbgy0ouc03so.eu-west-3.rds.amazonaws.com:3306",
            "engine": "mysql",
            "engine_version": "8.0",
            "engine_version_actual": "8.0.35",
            "final_snapshot_identifier": null,
            "hosted_zone_id": "ZMESEXB7ZGGQ3",
            "iam_database_authentication_enabled": false,
            "id": "db-RLFEY6M6D4N32L3ASVR46MRMEY",
            "identifier": "wordpress-rds-instance",
            "identifier_prefix": "",
            "instance_class": "db.t3.micro",
            "iops": 0,
            "kms_key_id": "",
            "latest_restorable_time": "",
            "license_model": "general-public-license",
            "listener_endpoint": [],
            "maintenance_window": "fri:06:17-fri:06:47",
            "manage_master_user_password": null,
            "master_user_secret": [],
            "master_user_secret_kms_key_id": null,
            "max_allocated_storage": 0,
            "monitoring_interval": 0,
            "monitoring_role_arn": "",
            "multi_az": false,
            "nchar_character_set_name": "",
            "network_type": "IPV4",
            "option_group_name": "default:mysql-8-0",
            "parameter_group_name": "default.mysql8.0",
            "password": "password",
            "performance_insights_enabled": false,
            "performance_insights_kms_key_id": "",
            "performance_insights_retention_period": 0,
            "port": 3306,
            "publicly_accessible": false,
            "replica_mode": "",
            "replicas": [],
            "replicate_source_db": "",
            "resource_id": "db-RLFEY6M6D4N32L3ASVR46MRMEY",
            "restore_to_point_in_time": [],
            "s3_import": [],
            "skip_final_snapshot": true,
            "snapshot_identifier": null,
            "status": "available",
            "storage_encrypted": false,
            "storage_throughput": 0,
            "storage_type": "gp2",
            "tags": {
              "Name": "App-DB"
            },
            "tags_all": {
              "Name": "App-DB"
            },
            "timeouts": null,
            "timezone": "",
            "username": "sanou",
            "vpc_security_group_ids": [
              "sg-02d0145461d2e9470"
            ]
          },
          "sensitive_attributes": [
            [
              {
                "type": "get_attr",
                "value": "password"
              }
            ],
            [
              {
                "type": "get_attr",
                "value": "username"
              }
            ]
          ],
          "private": "eyJlMmJmYjczMC1lY2FhLTExZTYtOGY4OC0zNDM2M2JjN2M0YzAiOnsiY3JlYXRlIjoyNDAwMDAwMDAwMDAwLCJkZWxldGUiOjM2MDAwMDAwMDAwMDAsInVwZGF0ZSI6NDgwMDAwMDAwMDAwMH0sInNjaGVtYV92ZXJzaW9uIjoiMiJ9",
          "dependencies": [
            "module.rds.aws_security_group.rds_sg",
            "module.vpc.aws_db_subnet_group.main",
            "module.vpc.aws_subnet.private_db_subnet",
            "module.vpc.aws_subnet.private_db_subnet2",
            "module.vpc.aws_vpc.app_vpc"
          ],
          "create_before_destroy": true
        }
      ]
    },
    {
      "module": "module.rds",
      "mode": "managed",
      "type": "aws_security_group",
      "name": "rds_sg",
      "provider": "provider[\"registry.terraform.io/hashicorp/aws\"]",
      "instances": [
        {
          "schema_version": 1,
          "attributes": {
            "arn": "arn:aws:ec2:eu-west-3:700778905650:security-group/sg-02d0145461d2e9470",
            "description": "Security group for RDS",
            "egress": [
              {
                "cidr_blocks": [],
                "description": "",
                "from_port": 0,
                "ipv6_cidr_blocks": [],
                "prefix_list_ids": [],
                "protocol": "-1",
                "security_groups": [],
                "self": false,
                "to_port": 0
              }
            ],
            "id": "sg-02d0145461d2e9470",
            "ingress": [
              {
                "cidr_blocks": [],
                "description": "",
                "from_port": 3306,
                "ipv6_cidr_blocks": [],
                "prefix_list_ids": [],
                "protocol": "tcp",
                "security_groups": [],
                "self": true,
                "to_port": 3306
              }
            ],
            "name": "rds-sg",
            "name_prefix": "",
            "owner_id": "700778905650",
            "revoke_rules_on_delete": false,
            "tags": {
              "Name": "rds-sg"
            },
            "tags_all": {
              "Name": "rds-sg"
            },
            "timeouts": null,
            "vpc_id": "vpc-038789552e8c9f3ee"
          },
          "sensitive_attributes": [],
          "private": "eyJlMmJmYjczMC1lY2FhLTExZTYtOGY4OC0zNDM2M2JjN2M0YzAiOnsiY3JlYXRlIjo2MDAwMDAwMDAwMDAsImRlbGV0ZSI6OTAwMDAwMDAwMDAwfSwic2NoZW1hX3ZlcnNpb24iOiIxIn0=",
          "dependencies": [
            "module.vpc.aws_vpc.app_vpc"
          ],
          "create_before_destroy": true
        }
      ]
    },
    {
      "module": "module.vpc",
      "mode": "managed",
      "type": "aws_db_subnet_group",
      "name": "main",
      "provider": "provider[\"registry.terraform.io/hashicorp/aws\"]",
      "instances": [
        {
          "schema_version": 0,
          "attributes": {
            "arn": "arn:aws:rds:eu-west-3:700778905650:subgrp:db-subnet-group",
            "description": "Managed by Terraform",
            "id": "db-subnet-group",
            "name": "db-subnet-group",
            "name_prefix": "",
            "subnet_ids": [
              "subnet-0961bc7776bd21931",
              "subnet-0fbbea5551c49bda5"
            ],
            "supported_network_types": [
              "IPV4"
            ],
            "tags": {
              "Name": "main-db-subnet-group"
            },
            "tags_all": {
              "Name": "main-db-subnet-group"
            },
            "vpc_id": "vpc-038789552e8c9f3ee"
          },
          "sensitive_attributes": [],
          "private": "bnVsbA==",
          "dependencies": [
            "module.vpc.aws_subnet.private_db_subnet",
            "module.vpc.aws_subnet.private_db_subnet2",
            "module.vpc.aws_vpc.app_vpc"
          ],
          "create_before_destroy": true
        }
      ]
    },
    {
      "module": "module.vpc",
      "mode": "managed",
      "type": "aws_efs_file_system",
      "name": "wordpress_EFS",
      "provider": "provider[\"registry.terraform.io/hashicorp/aws\"]",
      "instances": [
        {
          "schema_version": 0,
          "attributes": {
            "arn": "arn:aws:elasticfilesystem:eu-west-3:700778905650:file-system/fs-01f5f76d2f4713d4a",
            "availability_zone_id": "",
            "availability_zone_name": "",
            "creation_token": "wordpress-EFS",
            "dns_name": "fs-01f5f76d2f4713d4a.efs.eu-west-3.amazonaws.com",
            "encrypted": false,
            "id": "fs-01f5f76d2f4713d4a",
            "kms_key_id": "",
            "lifecycle_policy": [],
            "name": "wordpress-EFS",
            "number_of_mount_targets": 0,
            "owner_id": "700778905650",
            "performance_mode": "generalPurpose",
            "protection": [
              {
                "replication_overwrite": "ENABLED"
              }
            ],
            "provisioned_throughput_in_mibps": 0,
            "size_in_bytes": [
              {
                "value": 6144,
                "value_in_ia": 0,
                "value_in_standard": 6144
              }
            ],
            "tags": {
              "Name": "wordpress-EFS"
            },
            "tags_all": {
              "Name": "wordpress-EFS"
            },
            "throughput_mode": "bursting"
          },
          "sensitive_attributes": [],
          "private": "bnVsbA=="
        }
      ]
    },
    {
      "module": "module.vpc",
      "mode": "managed",
      "type": "aws_efs_mount_target",
      "name": "efs_mounta",
      "provider": "provider[\"registry.terraform.io/hashicorp/aws\"]",
      "instances": [
        {
          "schema_version": 0,
          "attributes": {
            "availability_zone_id": "euw3-az1",
            "availability_zone_name": "eu-west-3a",
            "dns_name": "fs-01f5f76d2f4713d4a.efs.eu-west-3.amazonaws.com",
            "file_system_arn": "arn:aws:elasticfilesystem:eu-west-3:700778905650:file-system/fs-01f5f76d2f4713d4a",
            "file_system_id": "fs-01f5f76d2f4713d4a",
            "id": "fsmt-019aa3a8bfa17581a",
            "ip_address": "10.0.3.246",
            "mount_target_dns_name": "eu-west-3a.fs-01f5f76d2f4713d4a.efs.eu-west-3.amazonaws.com",
            "network_interface_id": "eni-0430ad5852c47381b",
            "owner_id": "700778905650",
            "security_groups": [
              "sg-0814faf93ea6ac79d"
            ],
            "subnet_id": "subnet-07118147f0b5b7164",
            "timeouts": null
          },
          "sensitive_attributes": [],
          "private": "eyJlMmJmYjczMC1lY2FhLTExZTYtOGY4OC0zNDM2M2JjN2M0YzAiOnsiY3JlYXRlIjoxODAwMDAwMDAwMDAwLCJkZWxldGUiOjYwMDAwMDAwMDAwMH19",
          "dependencies": [
            "module.vpc.aws_efs_file_system.wordpress_EFS",
            "module.vpc.aws_security_group.efs_sg",
            "module.vpc.aws_subnet.private_subnet_a",
            "module.vpc.aws_vpc.app_vpc"
          ]
        }
      ]
    },
    {
      "module": "module.vpc",
      "mode": "managed",
      "type": "aws_efs_mount_target",
      "name": "efs_mountb",
      "provider": "provider[\"registry.terraform.io/hashicorp/aws\"]",
      "instances": [
        {
          "schema_version": 0,
          "attributes": {
            "availability_zone_id": "euw3-az2",
            "availability_zone_name": "eu-west-3b",
            "dns_name": "fs-01f5f76d2f4713d4a.efs.eu-west-3.amazonaws.com",
            "file_system_arn": "arn:aws:elasticfilesystem:eu-west-3:700778905650:file-system/fs-01f5f76d2f4713d4a",
            "file_system_id": "fs-01f5f76d2f4713d4a",
            "id": "fsmt-09f9d4f60cc38cb89",
            "ip_address": "10.0.4.119",
            "mount_target_dns_name": "eu-west-3b.fs-01f5f76d2f4713d4a.efs.eu-west-3.amazonaws.com",
            "network_interface_id": "eni-0294726761ca78e97",
            "owner_id": "700778905650",
            "security_groups": [
              "sg-0814faf93ea6ac79d"
            ],
            "subnet_id": "subnet-04a6fc8e36231c830",
            "timeouts": null
          },
          "sensitive_attributes": [],
          "private": "eyJlMmJmYjczMC1lY2FhLTExZTYtOGY4OC0zNDM2M2JjN2M0YzAiOnsiY3JlYXRlIjoxODAwMDAwMDAwMDAwLCJkZWxldGUiOjYwMDAwMDAwMDAwMH19",
          "dependencies": [
            "module.vpc.aws_efs_file_system.wordpress_EFS",
            "module.vpc.aws_security_group.efs_sg",
            "module.vpc.aws_subnet.private_subnet_b",
            "module.vpc.aws_vpc.app_vpc"
          ]
        }
      ]
    },
    {
      "module": "module.vpc",
      "mode": "managed",
      "type": "aws_eip",
      "name": "eip_public_a",
      "provider": "provider[\"registry.terraform.io/hashicorp/aws\"]",
      "instances": [
        {
          "schema_version": 0,
          "attributes": {
            "address": null,
            "allocation_id": "eipalloc-04e7723ed591e2ab5",
            "arn": "arn:aws:ec2:eu-west-3:700778905650:elastic-ip/eipalloc-04e7723ed591e2ab5",
            "associate_with_private_ip": null,
            "association_id": "",
            "carrier_ip": "",
            "customer_owned_ip": "",
            "customer_owned_ipv4_pool": "",
            "domain": "vpc",
            "id": "eipalloc-04e7723ed591e2ab5",
            "instance": "",
            "network_border_group": "eu-west-3",
            "network_interface": "",
            "private_dns": null,
            "private_ip": "",
            "ptr_record": "",
            "public_dns": "ec2-35-181-251-60.eu-west-3.compute.amazonaws.com",
            "public_ip": "35.181.251.60",
            "public_ipv4_pool": "amazon",
            "tags": null,
            "tags_all": {},
            "timeouts": null,
            "vpc": true
          },
          "sensitive_attributes": [],
          "private": "eyJlMmJmYjczMC1lY2FhLTExZTYtOGY4OC0zNDM2M2JjN2M0YzAiOnsiZGVsZXRlIjoxODAwMDAwMDAwMDAsInJlYWQiOjkwMDAwMDAwMDAwMCwidXBkYXRlIjozMDAwMDAwMDAwMDB9fQ=="
        }
      ]
    },
    {
      "module": "module.vpc",
      "mode": "managed",
      "type": "aws_eip",
      "name": "eip_public_b",
      "provider": "provider[\"registry.terraform.io/hashicorp/aws\"]",
      "instances": [
        {
          "schema_version": 0,
          "attributes": {
            "address": null,
            "allocation_id": "eipalloc-07f21483dda44414d",
            "arn": "arn:aws:ec2:eu-west-3:700778905650:elastic-ip/eipalloc-07f21483dda44414d",
            "associate_with_private_ip": null,
            "association_id": "",
            "carrier_ip": "",
            "customer_owned_ip": "",
            "customer_owned_ipv4_pool": "",
            "domain": "vpc",
            "id": "eipalloc-07f21483dda44414d",
            "instance": "",
            "network_border_group": "eu-west-3",
            "network_interface": "",
            "private_dns": null,
            "private_ip": "",
            "ptr_record": "",
            "public_dns": "ec2-35-180-216-169.eu-west-3.compute.amazonaws.com",
            "public_ip": "35.180.216.169",
            "public_ipv4_pool": "amazon",
            "tags": null,
            "tags_all": {},
            "timeouts": null,
            "vpc": true
          },
          "sensitive_attributes": [],
          "private": "eyJlMmJmYjczMC1lY2FhLTExZTYtOGY4OC0zNDM2M2JjN2M0YzAiOnsiZGVsZXRlIjoxODAwMDAwMDAwMDAsInJlYWQiOjkwMDAwMDAwMDAwMCwidXBkYXRlIjozMDAwMDAwMDAwMDB9fQ=="
        }
      ]
    },
    {
      "module": "module.vpc",
      "mode": "managed",
      "type": "aws_internet_gateway",
      "name": "app_igw",
      "provider": "provider[\"registry.terraform.io/hashicorp/aws\"]",
      "instances": [
        {
          "schema_version": 0,
          "attributes": {
            "arn": "arn:aws:ec2:eu-west-3:700778905650:internet-gateway/igw-0144f1034720e5352",
            "id": "igw-0144f1034720e5352",
            "owner_id": "700778905650",
            "tags": {
              "Name": "app-gateway"
            },
            "tags_all": {
              "Name": "app-gateway"
            },
            "timeouts": null,
            "vpc_id": "vpc-038789552e8c9f3ee"
          },
          "sensitive_attributes": [],
          "private": "eyJlMmJmYjczMC1lY2FhLTExZTYtOGY4OC0zNDM2M2JjN2M0YzAiOnsiY3JlYXRlIjoxMjAwMDAwMDAwMDAwLCJkZWxldGUiOjEyMDAwMDAwMDAwMDAsInVwZGF0ZSI6MTIwMDAwMDAwMDAwMH19",
          "dependencies": [
            "module.vpc.aws_vpc.app_vpc"
          ]
        }
      ]
    },
    {
      "module": "module.vpc",
      "mode": "managed",
      "type": "aws_nat_gateway",
      "name": "gw_pub_a",
      "provider": "provider[\"registry.terraform.io/hashicorp/aws\"]",
      "instances": [
        {
          "schema_version": 0,
          "attributes": {
            "allocation_id": "eipalloc-04e7723ed591e2ab5",
            "association_id": "eipassoc-00fa69d1039a31d7e",
            "connectivity_type": "public",
            "id": "nat-08dce64a46e9fa17f",
            "network_interface_id": "eni-08f98f8628c450699",
            "private_ip": "10.0.1.211",
            "public_ip": "35.181.251.60",
            "secondary_allocation_ids": null,
            "secondary_private_ip_address_count": 0,
            "secondary_private_ip_addresses": [],
            "subnet_id": "subnet-014f68e74e17acada",
            "tags": {
              "Name": "app_ngw_a"
            },
            "tags_all": {
              "Name": "app_ngw_a"
            },
            "timeouts": null
          },
          "sensitive_attributes": [],
          "private": "eyJlMmJmYjczMC1lY2FhLTExZTYtOGY4OC0zNDM2M2JjN2M0YzAiOnsiY3JlYXRlIjo2MDAwMDAwMDAwMDAsImRlbGV0ZSI6MTgwMDAwMDAwMDAwMCwidXBkYXRlIjo2MDAwMDAwMDAwMDB9fQ==",
          "dependencies": [
            "module.vpc.aws_eip.eip_public_a",
            "module.vpc.aws_subnet.public_subnet_a",
            "module.vpc.aws_vpc.app_vpc"
          ]
        }
      ]
    },
    {
      "module": "module.vpc",
      "mode": "managed",
      "type": "aws_nat_gateway",
      "name": "gw_pub_b",
      "provider": "provider[\"registry.terraform.io/hashicorp/aws\"]",
      "instances": [
        {
          "schema_version": 0,
          "attributes": {
            "allocation_id": "eipalloc-07f21483dda44414d",
            "association_id": "eipassoc-0fb83634d185d73e2",
            "connectivity_type": "public",
            "id": "nat-0076175cfdb82709c",
            "network_interface_id": "eni-097b2590c2b70ab97",
            "private_ip": "10.0.2.253",
            "public_ip": "35.180.216.169",
            "secondary_allocation_ids": null,
            "secondary_private_ip_address_count": 0,
            "secondary_private_ip_addresses": [],
            "subnet_id": "subnet-0f0f7bb82269d450e",
            "tags": {
              "Name": "app_ngw_b"
            },
            "tags_all": {
              "Name": "app_ngw_b"
            },
            "timeouts": null
          },
          "sensitive_attributes": [],
          "private": "eyJlMmJmYjczMC1lY2FhLTExZTYtOGY4OC0zNDM2M2JjN2M0YzAiOnsiY3JlYXRlIjo2MDAwMDAwMDAwMDAsImRlbGV0ZSI6MTgwMDAwMDAwMDAwMCwidXBkYXRlIjo2MDAwMDAwMDAwMDB9fQ==",
          "dependencies": [
            "module.vpc.aws_eip.eip_public_b",
            "module.vpc.aws_subnet.public_subnet_b",
            "module.vpc.aws_vpc.app_vpc"
          ]
        }
      ]
    },
    {
      "module": "module.vpc",
      "mode": "managed",
      "type": "aws_network_acl",
      "name": "nacl_publica",
      "provider": "provider[\"registry.terraform.io/hashicorp/aws\"]",
      "instances": [
        {
          "schema_version": 0,
          "attributes": {
            "arn": "arn:aws:ec2:eu-west-3:700778905650:network-acl/acl-0bd822ae3c7fcd004",
            "egress": [],
            "id": "acl-0bd822ae3c7fcd004",
            "ingress": [],
            "owner_id": "700778905650",
            "subnet_ids": [],
            "tags": {
              "Name": "ACL-app"
            },
            "tags_all": {
              "Name": "ACL-app"
            },
            "vpc_id": "vpc-038789552e8c9f3ee"
          },
          "sensitive_attributes": [],
          "private": "bnVsbA==",
          "dependencies": [
            "module.vpc.aws_vpc.app_vpc"
          ]
        }
      ]
    },
    {
      "module": "module.vpc",
      "mode": "managed",
      "type": "aws_network_acl",
      "name": "nacl_publicb",
      "provider": "provider[\"registry.terraform.io/hashicorp/aws\"]",
      "instances": [
        {
          "schema_version": 0,
          "attributes": {
            "arn": "arn:aws:ec2:eu-west-3:700778905650:network-acl/acl-041e426ed5fc58bac",
            "egress": [],
            "id": "acl-041e426ed5fc58bac",
            "ingress": [],
            "owner_id": "700778905650",
            "subnet_ids": [],
            "tags": {
              "Name": "ACL-app2"
            },
            "tags_all": {
              "Name": "ACL-app2"
            },
            "vpc_id": "vpc-038789552e8c9f3ee"
          },
          "sensitive_attributes": [],
          "private": "bnVsbA==",
          "dependencies": [
            "module.vpc.aws_vpc.app_vpc"
          ]
        }
      ]
    },
    {
      "module": "module.vpc",
      "mode": "managed",
      "type": "aws_network_acl_rule",
      "name": "nat_inbounda",
      "provider": "provider[\"registry.terraform.io/hashicorp/aws\"]",
      "instances": [
        {
          "schema_version": 0,
          "attributes": {
            "cidr_block": "0.0.0.0/0",
            "egress": false,
            "from_port": 0,
            "icmp_code": null,
            "icmp_type": null,
            "id": "nacl-395993994",
            "ipv6_cidr_block": "",
            "network_acl_id": "acl-0bd822ae3c7fcd004",
            "protocol": "-1",
            "rule_action": "allow",
            "rule_number": 200,
            "to_port": 0
          },
          "sensitive_attributes": [],
          "private": "bnVsbA==",
          "dependencies": [
            "module.vpc.aws_network_acl.nacl_publica",
            "module.vpc.aws_vpc.app_vpc"
          ]
        }
      ]
    },
    {
      "module": "module.vpc",
      "mode": "managed",
      "type": "aws_network_acl_rule",
      "name": "nat_inboundb",
      "provider": "provider[\"registry.terraform.io/hashicorp/aws\"]",
      "instances": [
        {
          "schema_version": 0,
          "attributes": {
            "cidr_block": "0.0.0.0/0",
            "egress": false,
            "from_port": 0,
            "icmp_code": null,
            "icmp_type": null,
            "id": "nacl-3430037282",
            "ipv6_cidr_block": "",
            "network_acl_id": "acl-041e426ed5fc58bac",
            "protocol": "-1",
            "rule_action": "allow",
            "rule_number": 300,
            "to_port": 0
          },
          "sensitive_attributes": [],
          "private": "bnVsbA==",
          "dependencies": [
            "module.vpc.aws_network_acl.nacl_publicb",
            "module.vpc.aws_vpc.app_vpc"
          ]
        }
      ]
    },
    {
      "module": "module.vpc",
      "mode": "managed",
      "type": "aws_route_table",
      "name": "private-a",
      "provider": "provider[\"registry.terraform.io/hashicorp/aws\"]",
      "instances": [
        {
          "schema_version": 0,
          "attributes": {
            "arn": "arn:aws:ec2:eu-west-3:700778905650:route-table/rtb-0a92d81b89be4c0a1",
            "id": "rtb-0a92d81b89be4c0a1",
            "owner_id": "700778905650",
            "propagating_vgws": [],
            "route": [
              {
                "carrier_gateway_id": "",
                "cidr_block": "0.0.0.0/0",
                "core_network_arn": "",
                "destination_prefix_list_id": "",
                "egress_only_gateway_id": "",
                "gateway_id": "",
                "ipv6_cidr_block": "",
                "local_gateway_id": "",
                "nat_gateway_id": "nat-08dce64a46e9fa17f",
                "network_interface_id": "",
                "transit_gateway_id": "",
                "vpc_endpoint_id": "",
                "vpc_peering_connection_id": ""
              }
            ],
            "tags": {
              "Name": "private-routetable"
            },
            "tags_all": {
              "Name": "private-routetable"
            },
            "timeouts": null,
            "vpc_id": "vpc-038789552e8c9f3ee"
          },
          "sensitive_attributes": [],
          "private": "eyJlMmJmYjczMC1lY2FhLTExZTYtOGY4OC0zNDM2M2JjN2M0YzAiOnsiY3JlYXRlIjozMDAwMDAwMDAwMDAsImRlbGV0ZSI6MzAwMDAwMDAwMDAwLCJ1cGRhdGUiOjEyMDAwMDAwMDAwMH19",
          "dependencies": [
            "module.vpc.aws_eip.eip_public_a",
            "module.vpc.aws_nat_gateway.gw_pub_a",
            "module.vpc.aws_subnet.public_subnet_a",
            "module.vpc.aws_vpc.app_vpc"
          ]
        }
      ]
    },
    {
      "module": "module.vpc",
      "mode": "managed",
      "type": "aws_route_table",
      "name": "private-b",
      "provider": "provider[\"registry.terraform.io/hashicorp/aws\"]",
      "instances": [
        {
          "schema_version": 0,
          "attributes": {
            "arn": "arn:aws:ec2:eu-west-3:700778905650:route-table/rtb-05baeed1eae461e25",
            "id": "rtb-05baeed1eae461e25",
            "owner_id": "700778905650",
            "propagating_vgws": [],
            "route": [
              {
                "carrier_gateway_id": "",
                "cidr_block": "0.0.0.0/0",
                "core_network_arn": "",
                "destination_prefix_list_id": "",
                "egress_only_gateway_id": "",
                "gateway_id": "",
                "ipv6_cidr_block": "",
                "local_gateway_id": "",
                "nat_gateway_id": "nat-0076175cfdb82709c",
                "network_interface_id": "",
                "transit_gateway_id": "",
                "vpc_endpoint_id": "",
                "vpc_peering_connection_id": ""
              }
            ],
            "tags": {
              "Name": "private-routetable"
            },
            "tags_all": {
              "Name": "private-routetable"
            },
            "timeouts": null,
            "vpc_id": "vpc-038789552e8c9f3ee"
          },
          "sensitive_attributes": [],
          "private": "eyJlMmJmYjczMC1lY2FhLTExZTYtOGY4OC0zNDM2M2JjN2M0YzAiOnsiY3JlYXRlIjozMDAwMDAwMDAwMDAsImRlbGV0ZSI6MzAwMDAwMDAwMDAwLCJ1cGRhdGUiOjEyMDAwMDAwMDAwMH19",
          "dependencies": [
            "module.vpc.aws_eip.eip_public_b",
            "module.vpc.aws_nat_gateway.gw_pub_b",
            "module.vpc.aws_subnet.public_subnet_b",
            "module.vpc.aws_vpc.app_vpc"
          ]
        }
      ]
    },
    {
      "module": "module.vpc",
      "mode": "managed",
      "type": "aws_route_table",
      "name": "private_db",
      "provider": "provider[\"registry.terraform.io/hashicorp/aws\"]",
      "instances": [
        {
          "schema_version": 0,
          "attributes": {
            "arn": "arn:aws:ec2:eu-west-3:700778905650:route-table/rtb-015a95f4f9065f751",
            "id": "rtb-015a95f4f9065f751",
            "owner_id": "700778905650",
            "propagating_vgws": [],
            "route": [
              {
                "carrier_gateway_id": "",
                "cidr_block": "0.0.0.0/0",
                "core_network_arn": "",
                "destination_prefix_list_id": "",
                "egress_only_gateway_id": "",
                "gateway_id": "",
                "ipv6_cidr_block": "",
                "local_gateway_id": "",
                "nat_gateway_id": "nat-08dce64a46e9fa17f",
                "network_interface_id": "",
                "transit_gateway_id": "",
                "vpc_endpoint_id": "",
                "vpc_peering_connection_id": ""
              }
            ],
            "tags": {
              "Name": "private-db-rtb"
            },
            "tags_all": {
              "Name": "private-db-rtb"
            },
            "timeouts": null,
            "vpc_id": "vpc-038789552e8c9f3ee"
          },
          "sensitive_attributes": [],
          "private": "eyJlMmJmYjczMC1lY2FhLTExZTYtOGY4OC0zNDM2M2JjN2M0YzAiOnsiY3JlYXRlIjozMDAwMDAwMDAwMDAsImRlbGV0ZSI6MzAwMDAwMDAwMDAwLCJ1cGRhdGUiOjEyMDAwMDAwMDAwMH19",
          "dependencies": [
            "module.vpc.aws_eip.eip_public_a",
            "module.vpc.aws_nat_gateway.gw_pub_a",
            "module.vpc.aws_subnet.public_subnet_a",
            "module.vpc.aws_vpc.app_vpc"
          ]
        }
      ]
    },
    {
      "module": "module.vpc",
      "mode": "managed",
      "type": "aws_route_table",
      "name": "rtb_public",
      "provider": "provider[\"registry.terraform.io/hashicorp/aws\"]",
      "instances": [
        {
          "schema_version": 0,
          "attributes": {
            "arn": "arn:aws:ec2:eu-west-3:700778905650:route-table/rtb-0bf961d1934baf2d5",
            "id": "rtb-0bf961d1934baf2d5",
            "owner_id": "700778905650",
            "propagating_vgws": [],
            "route": [
              {
                "carrier_gateway_id": "",
                "cidr_block": "0.0.0.0/0",
                "core_network_arn": "",
                "destination_prefix_list_id": "",
                "egress_only_gateway_id": "",
                "gateway_id": "igw-0144f1034720e5352",
                "ipv6_cidr_block": "",
                "local_gateway_id": "",
                "nat_gateway_id": "",
                "network_interface_id": "",
                "transit_gateway_id": "",
                "vpc_endpoint_id": "",
                "vpc_peering_connection_id": ""
              }
            ],
            "tags": {
              "Name": "app-public-rtb"
            },
            "tags_all": {
              "Name": "app-public-rtb"
            },
            "timeouts": null,
            "vpc_id": "vpc-038789552e8c9f3ee"
          },
          "sensitive_attributes": [],
          "private": "eyJlMmJmYjczMC1lY2FhLTExZTYtOGY4OC0zNDM2M2JjN2M0YzAiOnsiY3JlYXRlIjozMDAwMDAwMDAwMDAsImRlbGV0ZSI6MzAwMDAwMDAwMDAwLCJ1cGRhdGUiOjEyMDAwMDAwMDAwMH19",
          "dependencies": [
            "module.vpc.aws_internet_gateway.app_igw",
            "module.vpc.aws_vpc.app_vpc"
          ]
        }
      ]
    },
    {
      "module": "module.vpc",
      "mode": "managed",
      "type": "aws_route_table_association",
      "name": "private_a",
      "provider": "provider[\"registry.terraform.io/hashicorp/aws\"]",
      "instances": [
        {
          "schema_version": 0,
          "attributes": {
            "gateway_id": "",
            "id": "rtbassoc-00436c38c20ec63b3",
            "route_table_id": "rtb-0a92d81b89be4c0a1",
            "subnet_id": "subnet-07118147f0b5b7164",
            "timeouts": null
          },
          "sensitive_attributes": [],
          "private": "eyJlMmJmYjczMC1lY2FhLTExZTYtOGY4OC0zNDM2M2JjN2M0YzAiOnsiY3JlYXRlIjozMDAwMDAwMDAwMDAsImRlbGV0ZSI6MzAwMDAwMDAwMDAwLCJ1cGRhdGUiOjEyMDAwMDAwMDAwMH19",
          "dependencies": [
            "module.vpc.aws_eip.eip_public_a",
            "module.vpc.aws_nat_gateway.gw_pub_a",
            "module.vpc.aws_route_table.private-a",
            "module.vpc.aws_subnet.private_subnet_a",
            "module.vpc.aws_subnet.public_subnet_a",
            "module.vpc.aws_vpc.app_vpc"
          ]
        }
      ]
    },
    {
      "module": "module.vpc",
      "mode": "managed",
      "type": "aws_route_table_association",
      "name": "private_b",
      "provider": "provider[\"registry.terraform.io/hashicorp/aws\"]",
      "instances": [
        {
          "schema_version": 0,
          "attributes": {
            "gateway_id": "",
            "id": "rtbassoc-0d935a4eb1b558f22",
            "route_table_id": "rtb-05baeed1eae461e25",
            "subnet_id": "subnet-04a6fc8e36231c830",
            "timeouts": null
          },
          "sensitive_attributes": [],
          "private": "eyJlMmJmYjczMC1lY2FhLTExZTYtOGY4OC0zNDM2M2JjN2M0YzAiOnsiY3JlYXRlIjozMDAwMDAwMDAwMDAsImRlbGV0ZSI6MzAwMDAwMDAwMDAwLCJ1cGRhdGUiOjEyMDAwMDAwMDAwMH19",
          "dependencies": [
            "module.vpc.aws_eip.eip_public_b",
            "module.vpc.aws_nat_gateway.gw_pub_b",
            "module.vpc.aws_route_table.private-b",
            "module.vpc.aws_subnet.private_subnet_b",
            "module.vpc.aws_subnet.public_subnet_b",
            "module.vpc.aws_vpc.app_vpc"
          ]
        }
      ]
    },
    {
      "module": "module.vpc",
      "mode": "managed",
      "type": "aws_route_table_association",
      "name": "rta_subnetass_puba",
      "provider": "provider[\"registry.terraform.io/hashicorp/aws\"]",
      "instances": [
        {
          "schema_version": 0,
          "attributes": {
            "gateway_id": "",
            "id": "rtbassoc-01fe51e4a4db98603",
            "route_table_id": "rtb-0bf961d1934baf2d5",
            "subnet_id": "subnet-014f68e74e17acada",
            "timeouts": null
          },
          "sensitive_attributes": [],
          "private": "eyJlMmJmYjczMC1lY2FhLTExZTYtOGY4OC0zNDM2M2JjN2M0YzAiOnsiY3JlYXRlIjozMDAwMDAwMDAwMDAsImRlbGV0ZSI6MzAwMDAwMDAwMDAwLCJ1cGRhdGUiOjEyMDAwMDAwMDAwMH19",
          "dependencies": [
            "module.vpc.aws_internet_gateway.app_igw",
            "module.vpc.aws_route_table.rtb_public",
            "module.vpc.aws_subnet.public_subnet_a",
            "module.vpc.aws_vpc.app_vpc"
          ]
        }
      ]
    },
    {
      "module": "module.vpc",
      "mode": "managed",
      "type": "aws_route_table_association",
      "name": "rta_subnetass_pubb",
      "provider": "provider[\"registry.terraform.io/hashicorp/aws\"]",
      "instances": [
        {
          "schema_version": 0,
          "attributes": {
            "gateway_id": "",
            "id": "rtbassoc-07ed2b5b8d302365e",
            "route_table_id": "rtb-0bf961d1934baf2d5",
            "subnet_id": "subnet-0f0f7bb82269d450e",
            "timeouts": null
          },
          "sensitive_attributes": [],
          "private": "eyJlMmJmYjczMC1lY2FhLTExZTYtOGY4OC0zNDM2M2JjN2M0YzAiOnsiY3JlYXRlIjozMDAwMDAwMDAwMDAsImRlbGV0ZSI6MzAwMDAwMDAwMDAwLCJ1cGRhdGUiOjEyMDAwMDAwMDAwMH19",
          "dependencies": [
            "module.vpc.aws_internet_gateway.app_igw",
            "module.vpc.aws_route_table.rtb_public",
            "module.vpc.aws_subnet.public_subnet_b",
            "module.vpc.aws_vpc.app_vpc"
          ]
        }
      ]
    },
    {
      "module": "module.vpc",
      "mode": "managed",
      "type": "aws_security_group",
      "name": "efs_sg",
      "provider": "provider[\"registry.terraform.io/hashicorp/aws\"]",
      "instances": [
        {
          "schema_version": 1,
          "attributes": {
            "arn": "arn:aws:ec2:eu-west-3:700778905650:security-group/sg-0814faf93ea6ac79d",
            "description": "Allow NFS traffic",
            "egress": [
              {
                "cidr_blocks": [
                  "0.0.0.0/0"
                ],
                "description": "",
                "from_port": 0,
                "ipv6_cidr_blocks": [],
                "prefix_list_ids": [],
                "protocol": "-1",
                "security_groups": [],
                "self": false,
                "to_port": 0
              }
            ],
            "id": "sg-0814faf93ea6ac79d",
            "ingress": [
              {
                "cidr_blocks": [
                  "0.0.0.0/0"
                ],
                "description": "",
                "from_port": 2049,
                "ipv6_cidr_blocks": [],
                "prefix_list_ids": [],
                "protocol": "tcp",
                "security_groups": [],
                "self": false,
                "to_port": 2049
              }
            ],
            "name": "efs-access",
            "name_prefix": "",
            "owner_id": "700778905650",
            "revoke_rules_on_delete": false,
            "tags": null,
            "tags_all": {},
            "timeouts": null,
            "vpc_id": "vpc-038789552e8c9f3ee"
          },
          "sensitive_attributes": [],
          "private": "eyJlMmJmYjczMC1lY2FhLTExZTYtOGY4OC0zNDM2M2JjN2M0YzAiOnsiY3JlYXRlIjo2MDAwMDAwMDAwMDAsImRlbGV0ZSI6OTAwMDAwMDAwMDAwfSwic2NoZW1hX3ZlcnNpb24iOiIxIn0=",
          "dependencies": [
            "module.vpc.aws_vpc.app_vpc"
          ]
        }
      ]
    },
    {
      "module": "module.vpc",
      "mode": "managed",
      "type": "aws_subnet",
      "name": "private_db_subnet",
      "provider": "provider[\"registry.terraform.io/hashicorp/aws\"]",
      "instances": [
        {
          "schema_version": 1,
          "attributes": {
            "arn": "arn:aws:ec2:eu-west-3:700778905650:subnet/subnet-0961bc7776bd21931",
            "assign_ipv6_address_on_creation": false,
            "availability_zone": "eu-west-3a",
            "availability_zone_id": "euw3-az1",
            "cidr_block": "10.0.5.0/24",
            "customer_owned_ipv4_pool": "",
            "enable_dns64": false,
            "enable_lni_at_device_index": 0,
            "enable_resource_name_dns_a_record_on_launch": false,
            "enable_resource_name_dns_aaaa_record_on_launch": false,
            "id": "subnet-0961bc7776bd21931",
            "ipv6_cidr_block": "",
            "ipv6_cidr_block_association_id": "",
            "ipv6_native": false,
            "map_customer_owned_ip_on_launch": false,
            "map_public_ip_on_launch": false,
            "outpost_arn": "",
            "owner_id": "700778905650",
            "private_dns_hostname_type_on_launch": "ip-name",
            "tags": null,
            "tags_all": {},
            "timeouts": null,
            "vpc_id": "vpc-038789552e8c9f3ee"
          },
          "sensitive_attributes": [],
          "private": "eyJlMmJmYjczMC1lY2FhLTExZTYtOGY4OC0zNDM2M2JjN2M0YzAiOnsiY3JlYXRlIjo2MDAwMDAwMDAwMDAsImRlbGV0ZSI6MTIwMDAwMDAwMDAwMH0sInNjaGVtYV92ZXJzaW9uIjoiMSJ9",
          "dependencies": [
            "module.vpc.aws_vpc.app_vpc"
          ],
          "create_before_destroy": true
        }
      ]
    },
    {
      "module": "module.vpc",
      "mode": "managed",
      "type": "aws_subnet",
      "name": "private_db_subnet2",
      "provider": "provider[\"registry.terraform.io/hashicorp/aws\"]",
      "instances": [
        {
          "schema_version": 1,
          "attributes": {
            "arn": "arn:aws:ec2:eu-west-3:700778905650:subnet/subnet-0fbbea5551c49bda5",
            "assign_ipv6_address_on_creation": false,
            "availability_zone": "eu-west-3b",
            "availability_zone_id": "euw3-az2",
            "cidr_block": "10.0.6.0/24",
            "customer_owned_ipv4_pool": "",
            "enable_dns64": false,
            "enable_lni_at_device_index": 0,
            "enable_resource_name_dns_a_record_on_launch": false,
            "enable_resource_name_dns_aaaa_record_on_launch": false,
            "id": "subnet-0fbbea5551c49bda5",
            "ipv6_cidr_block": "",
            "ipv6_cidr_block_association_id": "",
            "ipv6_native": false,
            "map_customer_owned_ip_on_launch": false,
            "map_public_ip_on_launch": false,
            "outpost_arn": "",
            "owner_id": "700778905650",
            "private_dns_hostname_type_on_launch": "ip-name",
            "tags": null,
            "tags_all": {},
            "timeouts": null,
            "vpc_id": "vpc-038789552e8c9f3ee"
          },
          "sensitive_attributes": [],
          "private": "eyJlMmJmYjczMC1lY2FhLTExZTYtOGY4OC0zNDM2M2JjN2M0YzAiOnsiY3JlYXRlIjo2MDAwMDAwMDAwMDAsImRlbGV0ZSI6MTIwMDAwMDAwMDAwMH0sInNjaGVtYV92ZXJzaW9uIjoiMSJ9",
          "dependencies": [
            "module.vpc.aws_vpc.app_vpc"
          ],
          "create_before_destroy": true
        }
      ]
    },
    {
      "module": "module.vpc",
      "mode": "managed",
      "type": "aws_subnet",
      "name": "private_subnet_a",
      "provider": "provider[\"registry.terraform.io/hashicorp/aws\"]",
      "instances": [
        {
          "schema_version": 1,
          "attributes": {
            "arn": "arn:aws:ec2:eu-west-3:700778905650:subnet/subnet-07118147f0b5b7164",
            "assign_ipv6_address_on_creation": false,
            "availability_zone": "eu-west-3a",
            "availability_zone_id": "euw3-az1",
            "cidr_block": "10.0.3.0/24",
            "customer_owned_ipv4_pool": "",
            "enable_dns64": false,
            "enable_lni_at_device_index": 0,
            "enable_resource_name_dns_a_record_on_launch": false,
            "enable_resource_name_dns_aaaa_record_on_launch": false,
            "id": "subnet-07118147f0b5b7164",
            "ipv6_cidr_block": "",
            "ipv6_cidr_block_association_id": "",
            "ipv6_native": false,
            "map_customer_owned_ip_on_launch": false,
            "map_public_ip_on_launch": false,
            "outpost_arn": "",
            "owner_id": "700778905650",
            "private_dns_hostname_type_on_launch": "ip-name",
            "tags": {
              "Name": "app-a"
            },
            "tags_all": {
              "Name": "app-a"
            },
            "timeouts": null,
            "vpc_id": "vpc-038789552e8c9f3ee"
          },
          "sensitive_attributes": [],
          "private": "eyJlMmJmYjczMC1lY2FhLTExZTYtOGY4OC0zNDM2M2JjN2M0YzAiOnsiY3JlYXRlIjo2MDAwMDAwMDAwMDAsImRlbGV0ZSI6MTIwMDAwMDAwMDAwMH0sInNjaGVtYV92ZXJzaW9uIjoiMSJ9",
          "dependencies": [
            "module.vpc.aws_vpc.app_vpc"
          ],
          "create_before_destroy": true
        }
      ]
    },
    {
      "module": "module.vpc",
      "mode": "managed",
      "type": "aws_subnet",
      "name": "private_subnet_b",
      "provider": "provider[\"registry.terraform.io/hashicorp/aws\"]",
      "instances": [
        {
          "schema_version": 1,
          "attributes": {
            "arn": "arn:aws:ec2:eu-west-3:700778905650:subnet/subnet-04a6fc8e36231c830",
            "assign_ipv6_address_on_creation": false,
            "availability_zone": "eu-west-3b",
            "availability_zone_id": "euw3-az2",
            "cidr_block": "10.0.4.0/24",
            "customer_owned_ipv4_pool": "",
            "enable_dns64": false,
            "enable_lni_at_device_index": 0,
            "enable_resource_name_dns_a_record_on_launch": false,
            "enable_resource_name_dns_aaaa_record_on_launch": false,
            "id": "subnet-04a6fc8e36231c830",
            "ipv6_cidr_block": "",
            "ipv6_cidr_block_association_id": "",
            "ipv6_native": false,
            "map_customer_owned_ip_on_launch": false,
            "map_public_ip_on_launch": false,
            "outpost_arn": "",
            "owner_id": "700778905650",
            "private_dns_hostname_type_on_launch": "ip-name",
            "tags": {
              "Name": "app-b"
            },
            "tags_all": {
              "Name": "app-b"
            },
            "timeouts": null,
            "vpc_id": "vpc-038789552e8c9f3ee"
          },
          "sensitive_attributes": [],
          "private": "eyJlMmJmYjczMC1lY2FhLTExZTYtOGY4OC0zNDM2M2JjN2M0YzAiOnsiY3JlYXRlIjo2MDAwMDAwMDAwMDAsImRlbGV0ZSI6MTIwMDAwMDAwMDAwMH0sInNjaGVtYV92ZXJzaW9uIjoiMSJ9",
          "dependencies": [
            "module.vpc.aws_vpc.app_vpc"
          ],
          "create_before_destroy": true
        }
      ]
    },
    {
      "module": "module.vpc",
      "mode": "managed",
      "type": "aws_subnet",
      "name": "public_subnet_a",
      "provider": "provider[\"registry.terraform.io/hashicorp/aws\"]",
      "instances": [
        {
          "schema_version": 1,
          "attributes": {
            "arn": "arn:aws:ec2:eu-west-3:700778905650:subnet/subnet-014f68e74e17acada",
            "assign_ipv6_address_on_creation": false,
            "availability_zone": "eu-west-3a",
            "availability_zone_id": "euw3-az1",
            "cidr_block": "10.0.1.0/24",
            "customer_owned_ipv4_pool": "",
            "enable_dns64": false,
            "enable_lni_at_device_index": 0,
            "enable_resource_name_dns_a_record_on_launch": false,
            "enable_resource_name_dns_aaaa_record_on_launch": false,
            "id": "subnet-014f68e74e17acada",
            "ipv6_cidr_block": "",
            "ipv6_cidr_block_association_id": "",
            "ipv6_native": false,
            "map_customer_owned_ip_on_launch": false,
            "map_public_ip_on_launch": true,
            "outpost_arn": "",
            "owner_id": "700778905650",
            "private_dns_hostname_type_on_launch": "ip-name",
            "tags": {
              "Name": "public-a"
            },
            "tags_all": {
              "Name": "public-a"
            },
            "timeouts": null,
            "vpc_id": "vpc-038789552e8c9f3ee"
          },
          "sensitive_attributes": [],
          "private": "eyJlMmJmYjczMC1lY2FhLTExZTYtOGY4OC0zNDM2M2JjN2M0YzAiOnsiY3JlYXRlIjo2MDAwMDAwMDAwMDAsImRlbGV0ZSI6MTIwMDAwMDAwMDAwMH0sInNjaGVtYV92ZXJzaW9uIjoiMSJ9",
          "dependencies": [
            "module.vpc.aws_vpc.app_vpc"
          ],
          "create_before_destroy": true
        }
      ]
    },
    {
      "module": "module.vpc",
      "mode": "managed",
      "type": "aws_subnet",
      "name": "public_subnet_b",
      "provider": "provider[\"registry.terraform.io/hashicorp/aws\"]",
      "instances": [
        {
          "schema_version": 1,
          "attributes": {
            "arn": "arn:aws:ec2:eu-west-3:700778905650:subnet/subnet-0f0f7bb82269d450e",
            "assign_ipv6_address_on_creation": false,
            "availability_zone": "eu-west-3b",
            "availability_zone_id": "euw3-az2",
            "cidr_block": "10.0.2.0/24",
            "customer_owned_ipv4_pool": "",
            "enable_dns64": false,
            "enable_lni_at_device_index": 0,
            "enable_resource_name_dns_a_record_on_launch": false,
            "enable_resource_name_dns_aaaa_record_on_launch": false,
            "id": "subnet-0f0f7bb82269d450e",
            "ipv6_cidr_block": "",
            "ipv6_cidr_block_association_id": "",
            "ipv6_native": false,
            "map_customer_owned_ip_on_launch": false,
            "map_public_ip_on_launch": true,
            "outpost_arn": "",
            "owner_id": "700778905650",
            "private_dns_hostname_type_on_launch": "ip-name",
            "tags": {
              "Name": "public-b"
            },
            "tags_all": {
              "Name": "public-b"
            },
            "timeouts": null,
            "vpc_id": "vpc-038789552e8c9f3ee"
          },
          "sensitive_attributes": [],
          "private": "eyJlMmJmYjczMC1lY2FhLTExZTYtOGY4OC0zNDM2M2JjN2M0YzAiOnsiY3JlYXRlIjo2MDAwMDAwMDAwMDAsImRlbGV0ZSI6MTIwMDAwMDAwMDAwMH0sInNjaGVtYV92ZXJzaW9uIjoiMSJ9",
          "dependencies": [
            "module.vpc.aws_vpc.app_vpc"
          ],
          "create_before_destroy": true
        }
      ]
    },
    {
      "module": "module.vpc",
      "mode": "managed",
      "type": "aws_vpc",
      "name": "app_vpc",
      "provider": "provider[\"registry.terraform.io/hashicorp/aws\"]",
      "instances": [
        {
          "schema_version": 1,
          "attributes": {
            "arn": "arn:aws:ec2:eu-west-3:700778905650:vpc/vpc-038789552e8c9f3ee",
            "assign_generated_ipv6_cidr_block": false,
            "cidr_block": "10.0.0.0/16",
            "default_network_acl_id": "acl-0c0d2b78f45c8c779",
            "default_route_table_id": "rtb-07b8fe21038969ba7",
            "default_security_group_id": "sg-0bfe86d7f0438dbf9",
            "dhcp_options_id": "dopt-0c88844a4b03f2009",
            "enable_dns_hostnames": true,
            "enable_dns_support": true,
            "enable_network_address_usage_metrics": false,
            "id": "vpc-038789552e8c9f3ee",
            "instance_tenancy": "default",
            "ipv4_ipam_pool_id": null,
            "ipv4_netmask_length": null,
            "ipv6_association_id": "",
            "ipv6_cidr_block": "",
            "ipv6_cidr_block_network_border_group": "",
            "ipv6_ipam_pool_id": "",
            "ipv6_netmask_length": 0,
            "main_route_table_id": "rtb-07b8fe21038969ba7",
            "owner_id": "700778905650",
            "tags": {
              "Name": "wordpress-vpc"
            },
            "tags_all": {
              "Name": "wordpress-vpc"
            }
          },
          "sensitive_attributes": [],
          "private": "eyJzY2hlbWFfdmVyc2lvbiI6IjEifQ==",
          "create_before_destroy": true
        }
      ]
    }
  ],
  "check_results": null
}
