{
  "version": 4,
  "terraform_version": "1.8.4",
  "serial": 405,
  "lineage": "16910bd2-8ad7-40ea-2e5b-0f796451d730",
  "outputs": {
    "private_subnets": {
      "value": [
        "subnet-0b81c38a97810b549",
        "subnet-04d43ef96ef994406"
      ],
      "type": [
        "tuple",
        [
          "string",
          "string"
        ]
      ]
    },
    "vpc_id": {
      "value": "vpc-07c89ee5353d129ef",
      "type": "string"
    }
  },
  "resources": [
    {
      "module": "module.autoscaling",
      "mode": "data",
      "type": "template_file",
      "name": "install_wordpress",
      "provider": "provider[\"registry.terraform.io/hashicorp/template\"]",
      "instances": [
        {
          "schema_version": 0,
          "attributes": {
            "filename": null,
            "id": "c7ac006fb27883fcc6d22fbadb9cfbb145608e483297b51b4b73931d389ce195",
            "rendered": "#! /bin/bash\n\ndb_username=sanou\ndb_user_password=password\ndb_name=wordpressdb\ndb_endpoint=wordpress-rds-instance.cbgy0ouc03so.eu-west-3.rds.amazonaws.com:3306\n\n## Déploiement de la suite WordPress :\n\n# Mise à jour système\nsudo apt update \u0026\u0026 sudo apt upgrade -y\nsudo apt install -y vim nginx mariadb-client php php-fpm php-curl php-mysql php-gd php-mbstring php-xml php-imagick php-zip php-xmlrpc software-properties-common curl zip unzip\n# curl \"https://awscli.amazonaws.com/awscli-exe-linux-x86_64.zip\" -o \"awscliv2.zip\"\n# unzip awscliv2.zip\n# sudo ./aws/install\n\n# Ajout du PPA pour la dernière version de PHP\nsudo apt update \u0026\u0026 sudo apt upgrade -y\n\n# Suppression d'Apache2 (si nécessaire)\nsudo apt-get purge -y apache2\n\n# Démarrage et activation de Nginx\nsudo systemctl start nginx\nsudo systemctl enable nginx\n\n# Préparation de WordPress\ncd /var/www/html\nsudo wget https://wordpress.org/latest.tar.gz\nsudo tar -zxvf latest.tar.gz\nsudo rm latest.tar.gz\nsudo mv /var/www/html/wordpress/wp-config-sample.php /var/www/html/wordpress/wp-config.php\n\n# Configuration de wp-config.php avec les informations de la base de données\nsudo sed -i \"s/database_name_here/wordpressdb/g\" /var/www/html/wordpress/wp-config.php\nsudo sed -i \"s/username_here/sanou/g\" /var/www/html/wordpress/wp-config.php\nsudo sed -i \"s/password_here/password/g\" /var/www/html/wordpress/wp-config.php\nsudo sed -i \"s/localhost/wordpress-rds-instance.cbgy0ouc03so.eu-west-3.rds.amazonaws.com:3306/g\" /var/www/html/wordpress/wp-config.php\n\ncat \u003c\u003cEOF | sudo tee -a /var/www/html/wordpress/wp-config.php\ndefine( 'FS_METHOD', 'direct' );\ndefine('WP_MEMORY_LIMIT', '256M');\nEOF\n\ncat \u003c\u003cEOF | sudo tee -a /etc/nginx/conf.d/wordpress.conf \nserver {\n    listen 80;\n    root /var/www/html/wordpress;\n    index  index.php index.html index.htm;\n    server_name  tf.sanou.cloudns.be;\n    client_max_body_size 500M;\n    location / {\n        try_files \\$uri \\$uri/ /index.php?\\$args;\n    }\n    location = /favicon.ico {\n        log_not_found off;\n        access_log off;\n    }\n    location ~* \\.(js|css|png|jpg|jpeg|gif|ico)$ {\n        expires max;\n        log_not_found off;\n    }\n    location = /robots.txt {\n        allow all;\n        log_not_found off;\n        access_log off;\n    }\n    location ~ \\.php$ {\n         include snippets/fastcgi-php.conf;\n         fastcgi_pass unix:/var/run/php/php8.3-fpm.sock;\n         fastcgi_param SCRIPT_FILENAME \\$document_root\\$fastcgi_script_name;\n         include fastcgi_params;\n    }\n}\nEOF\n\n# fastcgi_param SCRIPT_FILENAME $document_root$fastcgi_script_name;\n\n# Ajustements des permissions\nsudo chown -R www-data:www-data /var/www/html\nsudo chmod -R 755 /var/www/html\n\n# Redémarrage des services PHP-FPM et Nginx\nsudo systemctl restart php8.3-fpm\nsudo systemctl restart nginx\nsudo nginx -t\n\necho \"WordPress a été installé et configuré avec succès.\"\necho \"L'endpoint RDS est: wordpress-rds-instance.cbgy0ouc03so.eu-west-3.rds.amazonaws.com:3306\"",
            "template": "#! /bin/bash\n\ndb_username=${db_username}\ndb_user_password=${db_user_password}\ndb_name=${db_name}\ndb_endpoint=${db_endpoint}\n\n## Déploiement de la suite WordPress :\n\n# Mise à jour système\nsudo apt update \u0026\u0026 sudo apt upgrade -y\nsudo apt install -y vim nginx mariadb-client php php-fpm php-curl php-mysql php-gd php-mbstring php-xml php-imagick php-zip php-xmlrpc software-properties-common curl zip unzip\n# curl \"https://awscli.amazonaws.com/awscli-exe-linux-x86_64.zip\" -o \"awscliv2.zip\"\n# unzip awscliv2.zip\n# sudo ./aws/install\n\n# Ajout du PPA pour la dernière version de PHP\nsudo apt update \u0026\u0026 sudo apt upgrade -y\n\n# Suppression d'Apache2 (si nécessaire)\nsudo apt-get purge -y apache2\n\n# Démarrage et activation de Nginx\nsudo systemctl start nginx\nsudo systemctl enable nginx\n\n# Préparation de WordPress\ncd /var/www/html\nsudo wget https://wordpress.org/latest.tar.gz\nsudo tar -zxvf latest.tar.gz\nsudo rm latest.tar.gz\nsudo mv /var/www/html/wordpress/wp-config-sample.php /var/www/html/wordpress/wp-config.php\n\n# Configuration de wp-config.php avec les informations de la base de données\nsudo sed -i \"s/database_name_here/${db_name}/g\" /var/www/html/wordpress/wp-config.php\nsudo sed -i \"s/username_here/${db_username}/g\" /var/www/html/wordpress/wp-config.php\nsudo sed -i \"s/password_here/${db_user_password}/g\" /var/www/html/wordpress/wp-config.php\nsudo sed -i \"s/localhost/${db_endpoint}/g\" /var/www/html/wordpress/wp-config.php\n\ncat \u003c\u003cEOF | sudo tee -a /var/www/html/wordpress/wp-config.php\ndefine( 'FS_METHOD', 'direct' );\ndefine('WP_MEMORY_LIMIT', '256M');\nEOF\n\ncat \u003c\u003cEOF | sudo tee -a /etc/nginx/conf.d/wordpress.conf \nserver {\n    listen 80;\n    root /var/www/html/wordpress;\n    index  index.php index.html index.htm;\n    server_name  tf.sanou.cloudns.be;\n    client_max_body_size 500M;\n    location / {\n        try_files \\$uri \\$uri/ /index.php?\\$args;\n    }\n    location = /favicon.ico {\n        log_not_found off;\n        access_log off;\n    }\n    location ~* \\.(js|css|png|jpg|jpeg|gif|ico)$ {\n        expires max;\n        log_not_found off;\n    }\n    location = /robots.txt {\n        allow all;\n        log_not_found off;\n        access_log off;\n    }\n    location ~ \\.php$ {\n         include snippets/fastcgi-php.conf;\n         fastcgi_pass unix:/var/run/php/php8.3-fpm.sock;\n         fastcgi_param SCRIPT_FILENAME \\$document_root\\$fastcgi_script_name;\n         include fastcgi_params;\n    }\n}\nEOF\n\n# fastcgi_param SCRIPT_FILENAME $document_root$fastcgi_script_name;\n\n# Ajustements des permissions\nsudo chown -R www-data:www-data /var/www/html\nsudo chmod -R 755 /var/www/html\n\n# Redémarrage des services PHP-FPM et Nginx\nsudo systemctl restart php8.3-fpm\nsudo systemctl restart nginx\nsudo nginx -t\n\necho \"WordPress a été installé et configuré avec succès.\"\necho \"L'endpoint RDS est: ${db_endpoint}\"",
            "vars": {
              "db_endpoint": "wordpress-rds-instance.cbgy0ouc03so.eu-west-3.rds.amazonaws.com:3306",
              "db_name": "wordpressdb",
              "db_user_password": "password",
              "db_username": "sanou"
            }
          },
          "sensitive_attributes": [
            [
              {
                "type": "get_attr",
                "value": "vars"
              },
              {
                "type": "index",
                "value": {
                  "value": "db_user_password",
                  "type": "string"
                }
              }
            ],
            [
              {
                "type": "get_attr",
                "value": "vars"
              },
              {
                "type": "index",
                "value": {
                  "value": "db_username",
                  "type": "string"
                }
              }
            ]
          ]
        }
      ]
    },
    {
      "module": "module.autoscaling",
      "mode": "managed",
      "type": "aws_autoscaling_attachment",
      "name": "app_tg_attachment",
      "provider": "provider[\"registry.terraform.io/hashicorp/aws\"]",
      "instances": [
        {
          "schema_version": 0,
          "attributes": {
            "autoscaling_group_name": "auto-scaling-app",
            "elb": null,
            "id": "auto-scaling-app-2024061913041775860000000b",
            "lb_target_group_arn": "arn:aws:elasticloadbalancing:eu-west-3:700778905650:targetgroup/tf-app-lb-tg/2cc790acad23515c"
          },
          "sensitive_attributes": [],
          "private": "bnVsbA==",
          "dependencies": [
            "module.autoscaling.aws_autoscaling_group.Wordpress",
            "module.autoscaling.aws_key_pair.app_key",
            "module.autoscaling.aws_launch_template.Wordpress",
            "module.autoscaling.aws_lb_target_group.cibles",
            "module.autoscaling.aws_security_group.sg_app_lb",
            "module.rds.aws_db_instance.wordpress_db",
            "module.rds.aws_security_group.rds_sg",
            "module.vpc.aws_db_subnet_group.main",
            "module.vpc.aws_subnet.private_db_subnet",
            "module.vpc.aws_subnet.private_db_subnet2",
            "module.vpc.aws_subnet.private_subnet_a",
            "module.vpc.aws_subnet.private_subnet_b",
            "module.vpc.aws_vpc.app_vpc"
          ]
        }
      ]
    },
    {
      "module": "module.autoscaling",
      "mode": "managed",
      "type": "aws_autoscaling_attachment",
      "name": "asg_attachment",
      "provider": "provider[\"registry.terraform.io/hashicorp/aws\"]",
      "instances": [
        {
          "schema_version": 0,
          "attributes": {
            "autoscaling_group_name": "auto-scaling-app",
            "elb": null,
            "id": "auto-scaling-app-2024061913041782900000000c",
            "lb_target_group_arn": "arn:aws:elasticloadbalancing:eu-west-3:700778905650:targetgroup/tf-app-lb-tg/2cc790acad23515c"
          },
          "sensitive_attributes": [],
          "private": "bnVsbA==",
          "dependencies": [
            "module.autoscaling.aws_autoscaling_group.Wordpress",
            "module.autoscaling.aws_key_pair.app_key",
            "module.autoscaling.aws_launch_template.Wordpress",
            "module.autoscaling.aws_lb_target_group.cibles",
            "module.autoscaling.aws_security_group.sg_app_lb",
            "module.rds.aws_db_instance.wordpress_db",
            "module.rds.aws_security_group.rds_sg",
            "module.vpc.aws_db_subnet_group.main",
            "module.vpc.aws_subnet.private_db_subnet",
            "module.vpc.aws_subnet.private_db_subnet2",
            "module.vpc.aws_subnet.private_subnet_a",
            "module.vpc.aws_subnet.private_subnet_b",
            "module.vpc.aws_vpc.app_vpc"
          ]
        }
      ]
    },
    {
      "module": "module.autoscaling",
      "mode": "managed",
      "type": "aws_autoscaling_group",
      "name": "Wordpress",
      "provider": "provider[\"registry.terraform.io/hashicorp/aws\"]",
      "instances": [
        {
          "schema_version": 1,
          "attributes": {
            "arn": "arn:aws:autoscaling:eu-west-3:700778905650:autoScalingGroup:26dbbf0f-212e-45a2-a093-bccf2dd24a77:autoScalingGroupName/auto-scaling-app",
            "availability_zones": [
              "eu-west-3a",
              "eu-west-3b"
            ],
            "capacity_rebalance": false,
            "context": "",
            "default_cooldown": 300,
            "default_instance_warmup": 0,
            "desired_capacity": 1,
            "desired_capacity_type": "",
            "enabled_metrics": null,
            "force_delete": false,
            "force_delete_warm_pool": false,
            "health_check_grace_period": 300,
            "health_check_type": "EC2",
            "id": "auto-scaling-app",
            "ignore_failed_scaling_activities": false,
            "initial_lifecycle_hook": [],
            "instance_maintenance_policy": [],
            "instance_refresh": [],
            "launch_configuration": "",
            "launch_template": [
              {
                "id": "lt-0657eb7c40ec49b8b",
                "name": "app-launch-template",
                "version": "1"
              }
            ],
            "load_balancers": [],
            "max_instance_lifetime": 0,
            "max_size": 2,
            "metrics_granularity": "1Minute",
            "min_elb_capacity": null,
            "min_size": 1,
            "mixed_instances_policy": [],
            "name": "auto-scaling-app",
            "name_prefix": "",
            "placement_group": "",
            "predicted_capacity": 0,
            "protect_from_scale_in": false,
            "service_linked_role_arn": "arn:aws:iam::700778905650:role/aws-service-role/autoscaling.amazonaws.com/AWSServiceRoleForAutoScaling",
            "suspended_processes": null,
            "tag": [
              {
                "key": "Name",
                "propagate_at_launch": true,
                "value": "auto-scaling"
              }
            ],
            "target_group_arns": [
              "arn:aws:elasticloadbalancing:eu-west-3:700778905650:targetgroup/tf-app-lb-tg/2cc790acad23515c"
            ],
            "termination_policies": null,
            "timeouts": null,
            "traffic_source": [
              {
                "identifier": "arn:aws:elasticloadbalancing:eu-west-3:700778905650:targetgroup/tf-app-lb-tg/2cc790acad23515c",
                "type": "elbv2"
              }
            ],
            "vpc_zone_identifier": [
              "subnet-04d43ef96ef994406",
              "subnet-0b81c38a97810b549"
            ],
            "wait_for_capacity_timeout": "10m",
            "wait_for_elb_capacity": null,
            "warm_pool": [],
            "warm_pool_size": 0
          },
          "sensitive_attributes": [],
          "private": "eyJlMmJmYjczMC1lY2FhLTExZTYtOGY4OC0zNDM2M2JjN2M0YzAiOnsiZGVsZXRlIjo2MDAwMDAwMDAwMDAsInVwZGF0ZSI6NjAwMDAwMDAwMDAwfSwic2NoZW1hX3ZlcnNpb24iOiIxIn0=",
          "dependencies": [
            "module.autoscaling.aws_key_pair.app_key",
            "module.autoscaling.aws_launch_template.Wordpress",
            "module.autoscaling.aws_lb_target_group.cibles",
            "module.autoscaling.aws_security_group.sg_app_lb",
            "module.rds.aws_db_instance.wordpress_db",
            "module.rds.aws_security_group.rds_sg",
            "module.vpc.aws_db_subnet_group.main",
            "module.vpc.aws_subnet.private_db_subnet",
            "module.vpc.aws_subnet.private_db_subnet2",
            "module.vpc.aws_subnet.private_subnet_a",
            "module.vpc.aws_subnet.private_subnet_b",
            "module.vpc.aws_vpc.app_vpc"
          ],
          "create_before_destroy": true
        }
      ]
    },
    {
      "module": "module.autoscaling",
      "mode": "managed",
      "type": "aws_key_pair",
      "name": "app_key",
      "provider": "provider[\"registry.terraform.io/hashicorp/aws\"]",
      "instances": [
        {
          "schema_version": 1,
          "attributes": {
            "arn": "arn:aws:ec2:eu-west-3:700778905650:key-pair/app-key",
            "fingerprint": "06:50:9c:35:27:6b:5c:94:3b:ee:3c:9b:75:64:6e:3a",
            "id": "app-key",
            "key_name": "app-key",
            "key_name_prefix": "",
            "key_pair_id": "key-0738dd61912f1bf95",
            "key_type": "rsa",
            "public_key": "ssh-rsa AAAAB3NzaC1yc2EAAAADAQABAAABgQDI7T5CY2oHMhzpoEdki7djXJ1LPlQ7UWtBlfqXywwRTZGVeNV3PfT4NjJcLHNA0wjUfHFou0du+jvhRSGRIowTMPvuVaSvfhxpOf7jWNZHNocZ1cmIuKLf/5aLC0Fd3M2/z0LBIGt1WuyrCOIztGGBwJ7UQdmZCPofG/rpiti+WIS5xJvaI7yq5TLhJgreYhTNg/Ub6KEjs1S+l+c77WCgCK3CQPRTM8xxEDiug6+BZMnMWRkU8lH9OplpKWD3/HgeSBsBpCvyiK5QsjOFwB3q/0W+nsl00lTNBgma/2OwEQl1lOesvIP7yMU63yKPCHkfv3xBJetyWGE8V4MIyb85SHkIGgfW1n4pkidJtBshNXy3fuPzdK8BpW5v09Xd4NxhW7VI4mjoWmTrO5gBYtc4zqk1heciCzXt42GTdNIC1Plc8A4bbKwu57JHtfly+0buVPoBtv68g5IQenqwPXl0Y13/ZIZFCBIcqvF5bxbloA4HReBHdLKCDi9RlS7sIX0= sanou@Sanou",
            "tags": null,
            "tags_all": {}
          },
          "sensitive_attributes": [],
          "private": "eyJzY2hlbWFfdmVyc2lvbiI6IjEifQ==",
          "dependencies": [
            "module.rds.aws_db_instance.wordpress_db",
            "module.rds.aws_security_group.rds_sg",
            "module.vpc.aws_db_subnet_group.main",
            "module.vpc.aws_subnet.private_db_subnet",
            "module.vpc.aws_subnet.private_db_subnet2",
            "module.vpc.aws_subnet.private_subnet_a",
            "module.vpc.aws_subnet.private_subnet_b",
            "module.vpc.aws_vpc.app_vpc"
          ],
          "create_before_destroy": true
        }
      ]
    },
    {
      "module": "module.autoscaling",
      "mode": "managed",
      "type": "aws_launch_template",
      "name": "Wordpress",
      "provider": "provider[\"registry.terraform.io/hashicorp/aws\"]",
      "instances": [
        {
          "schema_version": 0,
          "attributes": {
            "arn": "arn:aws:ec2:eu-west-3:700778905650:launch-template/lt-0657eb7c40ec49b8b",
            "block_device_mappings": [],
            "capacity_reservation_specification": [],
            "cpu_options": [],
            "credit_specification": [],
            "default_version": 1,
            "description": "",
            "disable_api_stop": false,
            "disable_api_termination": false,
            "ebs_optimized": "",
            "elastic_gpu_specifications": [],
            "elastic_inference_accelerator": [],
            "enclave_options": [],
            "hibernation_options": [],
            "iam_instance_profile": [],
            "id": "lt-0657eb7c40ec49b8b",
            "image_id": "ami-00ac45f3035ff009e",
            "instance_initiated_shutdown_behavior": "",
            "instance_market_options": [],
            "instance_requirements": [],
            "instance_type": "t2.micro",
            "kernel_id": "",
            "key_name": "app-key",
            "latest_version": 1,
            "license_specification": [],
            "maintenance_options": [],
            "metadata_options": [],
            "monitoring": [],
            "name": "app-launch-template",
            "name_prefix": "",
            "network_interfaces": [],
            "placement": [],
            "private_dns_name_options": [],
            "ram_disk_id": "",
            "security_group_names": null,
            "tag_specifications": [],
            "tags": {
              "Name": "app-template"
            },
            "tags_all": {
              "Name": "app-template"
            },
            "update_default_version": null,
            "user_data": "IyEgL2Jpbi9iYXNoCgpkYl91c2VybmFtZT0ke2RiX3VzZXJuYW1lfQpkYl91c2VyX3Bhc3N3b3JkPSR7ZGJfdXNlcl9wYXNzd29yZH0KZGJfbmFtZT0ke2RiX25hbWV9CmRiX2VuZHBvaW50PSR7ZGJfZW5kcG9pbnR9CgojIyBEw6lwbG9pZW1lbnQgZGUgbGEgc3VpdGUgV29yZFByZXNzIDoKCiMgTWlzZSDDoCBqb3VyIHN5c3TDqG1lCnN1ZG8gYXB0IHVwZGF0ZSAmJiBzdWRvIGFwdCB1cGdyYWRlIC15CnN1ZG8gYXB0IGluc3RhbGwgLXkgdmltIG5naW54IG1hcmlhZGItY2xpZW50IHBocCBwaHAtZnBtIHBocC1jdXJsIHBocC1teXNxbCBwaHAtZ2QgcGhwLW1ic3RyaW5nIHBocC14bWwgcGhwLWltYWdpY2sgcGhwLXppcCBwaHAteG1scnBjIHNvZnR3YXJlLXByb3BlcnRpZXMtY29tbW9uIGN1cmwgemlwIHVuemlwCiMgY3VybCAiaHR0cHM6Ly9hd3NjbGkuYW1hem9uYXdzLmNvbS9hd3NjbGktZXhlLWxpbnV4LXg4Nl82NC56aXAiIC1vICJhd3NjbGl2Mi56aXAiCiMgdW56aXAgYXdzY2xpdjIuemlwCiMgc3VkbyAuL2F3cy9pbnN0YWxsCgojIEFqb3V0IGR1IFBQQSBwb3VyIGxhIGRlcm5pw6hyZSB2ZXJzaW9uIGRlIFBIUApzdWRvIGFwdCB1cGRhdGUgJiYgc3VkbyBhcHQgdXBncmFkZSAteQoKIyBTdXBwcmVzc2lvbiBkJ0FwYWNoZTIgKHNpIG7DqWNlc3NhaXJlKQpzdWRvIGFwdC1nZXQgcHVyZ2UgLXkgYXBhY2hlMgoKIyBEw6ltYXJyYWdlIGV0IGFjdGl2YXRpb24gZGUgTmdpbngKc3VkbyBzeXN0ZW1jdGwgc3RhcnQgbmdpbngKc3VkbyBzeXN0ZW1jdGwgZW5hYmxlIG5naW54CgojIFByw6lwYXJhdGlvbiBkZSBXb3JkUHJlc3MKY2QgL3Zhci93d3cvaHRtbApzdWRvIHdnZXQgaHR0cHM6Ly93b3JkcHJlc3Mub3JnL2xhdGVzdC50YXIuZ3oKc3VkbyB0YXIgLXp4dmYgbGF0ZXN0LnRhci5negpzdWRvIHJtIGxhdGVzdC50YXIuZ3oKc3VkbyBtdiAvdmFyL3d3dy9odG1sL3dvcmRwcmVzcy93cC1jb25maWctc2FtcGxlLnBocCAvdmFyL3d3dy9odG1sL3dvcmRwcmVzcy93cC1jb25maWcucGhwCgojIENvbmZpZ3VyYXRpb24gZGUgd3AtY29uZmlnLnBocCBhdmVjIGxlcyBpbmZvcm1hdGlvbnMgZGUgbGEgYmFzZSBkZSBkb25uw6llcwpzdWRvIHNlZCAtaSAicy9kYXRhYmFzZV9uYW1lX2hlcmUvJHtkYl9uYW1lfS9nIiAvdmFyL3d3dy9odG1sL3dvcmRwcmVzcy93cC1jb25maWcucGhwCnN1ZG8gc2VkIC1pICJzL3VzZXJuYW1lX2hlcmUvJHtkYl91c2VybmFtZX0vZyIgL3Zhci93d3cvaHRtbC93b3JkcHJlc3Mvd3AtY29uZmlnLnBocApzdWRvIHNlZCAtaSAicy9wYXNzd29yZF9oZXJlLyR7ZGJfdXNlcl9wYXNzd29yZH0vZyIgL3Zhci93d3cvaHRtbC93b3JkcHJlc3Mvd3AtY29uZmlnLnBocApzdWRvIHNlZCAtaSAicy9sb2NhbGhvc3QvJHtkYl9lbmRwb2ludH0vZyIgL3Zhci93d3cvaHRtbC93b3JkcHJlc3Mvd3AtY29uZmlnLnBocAoKY2F0IDw8RU9GIHwgc3VkbyB0ZWUgLWEgL3Zhci93d3cvaHRtbC93b3JkcHJlc3Mvd3AtY29uZmlnLnBocApkZWZpbmUoICdGU19NRVRIT0QnLCAnZGlyZWN0JyApOwpkZWZpbmUoJ1dQX01FTU9SWV9MSU1JVCcsICcyNTZNJyk7CkVPRgoKY2F0IDw8RU9GIHwgc3VkbyB0ZWUgLWEgL2V0Yy9uZ2lueC9jb25mLmQvd29yZHByZXNzLmNvbmYgCnNlcnZlciB7CiAgICBsaXN0ZW4gODA7CiAgICByb290IC92YXIvd3d3L2h0bWwvd29yZHByZXNzOwogICAgaW5kZXggIGluZGV4LnBocCBpbmRleC5odG1sIGluZGV4Lmh0bTsKICAgIHNlcnZlcl9uYW1lICB0Zi5zYW5vdS5jbG91ZG5zLmJlOwogICAgY2xpZW50X21heF9ib2R5X3NpemUgNTAwTTsKICAgIGxvY2F0aW9uIC8gewogICAgICAgIHRyeV9maWxlcyBcJHVyaSBcJHVyaS8gL2luZGV4LnBocD9cJGFyZ3M7CiAgICB9CiAgICBsb2NhdGlvbiA9IC9mYXZpY29uLmljbyB7CiAgICAgICAgbG9nX25vdF9mb3VuZCBvZmY7CiAgICAgICAgYWNjZXNzX2xvZyBvZmY7CiAgICB9CiAgICBsb2NhdGlvbiB+KiBcLihqc3xjc3N8cG5nfGpwZ3xqcGVnfGdpZnxpY28pJCB7CiAgICAgICAgZXhwaXJlcyBtYXg7CiAgICAgICAgbG9nX25vdF9mb3VuZCBvZmY7CiAgICB9CiAgICBsb2NhdGlvbiA9IC9yb2JvdHMudHh0IHsKICAgICAgICBhbGxvdyBhbGw7CiAgICAgICAgbG9nX25vdF9mb3VuZCBvZmY7CiAgICAgICAgYWNjZXNzX2xvZyBvZmY7CiAgICB9CiAgICBsb2NhdGlvbiB+IFwucGhwJCB7CiAgICAgICAgIGluY2x1ZGUgc25pcHBldHMvZmFzdGNnaS1waHAuY29uZjsKICAgICAgICAgZmFzdGNnaV9wYXNzIHVuaXg6L3Zhci9ydW4vcGhwL3BocDguMy1mcG0uc29jazsKICAgICAgICAgZmFzdGNnaV9wYXJhbSBTQ1JJUFRfRklMRU5BTUUgXCRkb2N1bWVudF9yb290XCRmYXN0Y2dpX3NjcmlwdF9uYW1lOwogICAgICAgICBpbmNsdWRlIGZhc3RjZ2lfcGFyYW1zOwogICAgfQp9CkVPRgoKIyBmYXN0Y2dpX3BhcmFtIFNDUklQVF9GSUxFTkFNRSAkZG9jdW1lbnRfcm9vdCRmYXN0Y2dpX3NjcmlwdF9uYW1lOwoKIyBBanVzdGVtZW50cyBkZXMgcGVybWlzc2lvbnMKc3VkbyBjaG93biAtUiB3d3ctZGF0YTp3d3ctZGF0YSAvdmFyL3d3dy9odG1sCnN1ZG8gY2htb2QgLVIgNzU1IC92YXIvd3d3L2h0bWwKCiMgUmVkw6ltYXJyYWdlIGRlcyBzZXJ2aWNlcyBQSFAtRlBNIGV0IE5naW54CnN1ZG8gc3lzdGVtY3RsIHJlc3RhcnQgcGhwOC4zLWZwbQpzdWRvIHN5c3RlbWN0bCByZXN0YXJ0IG5naW54CnN1ZG8gbmdpbnggLXQKCmVjaG8gIldvcmRQcmVzcyBhIMOpdMOpIGluc3RhbGzDqSBldCBjb25maWd1csOpIGF2ZWMgc3VjY8Oocy4iCmVjaG8gIkwnZW5kcG9pbnQgUkRTIGVzdDogJHtkYl9lbmRwb2ludH0i",
            "vpc_security_group_ids": [
              "sg-099616eb74e62406c"
            ]
          },
          "sensitive_attributes": [],
          "private": "bnVsbA==",
          "dependencies": [
            "module.autoscaling.aws_key_pair.app_key",
            "module.autoscaling.aws_security_group.sg_app_lb",
            "module.rds.aws_db_instance.wordpress_db",
            "module.rds.aws_security_group.rds_sg",
            "module.vpc.aws_db_subnet_group.main",
            "module.vpc.aws_subnet.private_db_subnet",
            "module.vpc.aws_subnet.private_db_subnet2",
            "module.vpc.aws_subnet.private_subnet_a",
            "module.vpc.aws_subnet.private_subnet_b",
            "module.vpc.aws_vpc.app_vpc"
          ],
          "create_before_destroy": true
        }
      ]
    },
    {
      "module": "module.autoscaling",
      "mode": "managed",
      "type": "aws_lb",
      "name": "lb_app",
      "provider": "provider[\"registry.terraform.io/hashicorp/aws\"]",
      "instances": [
        {
          "schema_version": 0,
          "attributes": {
            "access_logs": [
              {
                "bucket": "",
                "enabled": false,
                "prefix": ""
              }
            ],
            "arn": "arn:aws:elasticloadbalancing:eu-west-3:700778905650:loadbalancer/app/load-balancer/46b33dc7f64ff0d7",
            "arn_suffix": "app/load-balancer/46b33dc7f64ff0d7",
            "client_keep_alive": 3600,
            "connection_logs": [
              {
                "bucket": "",
                "enabled": false,
                "prefix": ""
              }
            ],
            "customer_owned_ipv4_pool": "",
            "desync_mitigation_mode": "defensive",
            "dns_name": "load-balancer-1029290401.eu-west-3.elb.amazonaws.com",
            "dns_record_client_routing_policy": null,
            "drop_invalid_header_fields": false,
            "enable_cross_zone_load_balancing": true,
            "enable_deletion_protection": false,
            "enable_http2": true,
            "enable_tls_version_and_cipher_suite_headers": false,
            "enable_waf_fail_open": false,
            "enable_xff_client_port": false,
            "enforce_security_group_inbound_rules_on_private_link_traffic": "",
            "id": "arn:aws:elasticloadbalancing:eu-west-3:700778905650:loadbalancer/app/load-balancer/46b33dc7f64ff0d7",
            "idle_timeout": 60,
            "internal": false,
            "ip_address_type": "ipv4",
            "load_balancer_type": "application",
            "name": "load-balancer",
            "name_prefix": "",
            "preserve_host_header": false,
            "security_groups": [
              "sg-099616eb74e62406c"
            ],
            "subnet_mapping": [
              {
                "allocation_id": "",
                "ipv6_address": "",
                "outpost_id": "",
                "private_ipv4_address": "",
                "subnet_id": "subnet-0a42f6f2b2ffddb5a"
              },
              {
                "allocation_id": "",
                "ipv6_address": "",
                "outpost_id": "",
                "private_ipv4_address": "",
                "subnet_id": "subnet-0e54d5246c886029e"
              }
            ],
            "subnets": [
              "subnet-0a42f6f2b2ffddb5a",
              "subnet-0e54d5246c886029e"
            ],
            "tags": null,
            "tags_all": {},
            "timeouts": null,
            "vpc_id": "vpc-07c89ee5353d129ef",
            "xff_header_processing_mode": "append",
            "zone_id": "Z3Q77PNBQS71R4"
          },
          "sensitive_attributes": [],
          "private": "eyJlMmJmYjczMC1lY2FhLTExZTYtOGY4OC0zNDM2M2JjN2M0YzAiOnsiY3JlYXRlIjo2MDAwMDAwMDAwMDAsImRlbGV0ZSI6NjAwMDAwMDAwMDAwLCJ1cGRhdGUiOjYwMDAwMDAwMDAwMH19",
          "dependencies": [
            "module.autoscaling.aws_security_group.sg_app_lb",
            "module.rds.aws_db_instance.wordpress_db",
            "module.rds.aws_security_group.rds_sg",
            "module.vpc.aws_db_subnet_group.main",
            "module.vpc.aws_subnet.private_db_subnet",
            "module.vpc.aws_subnet.private_db_subnet2",
            "module.vpc.aws_subnet.private_subnet_a",
            "module.vpc.aws_subnet.private_subnet_b",
            "module.vpc.aws_subnet.public_subnet_a",
            "module.vpc.aws_subnet.public_subnet_b",
            "module.vpc.aws_vpc.app_vpc"
          ]
        }
      ]
    },
    {
      "module": "module.autoscaling",
      "mode": "managed",
      "type": "aws_lb_listener",
      "name": "front_end",
      "provider": "provider[\"registry.terraform.io/hashicorp/aws\"]",
      "instances": [
        {
          "schema_version": 0,
          "attributes": {
            "alpn_policy": null,
            "arn": "arn:aws:elasticloadbalancing:eu-west-3:700778905650:listener/app/load-balancer/46b33dc7f64ff0d7/142a7b229e616651",
            "certificate_arn": null,
            "default_action": [
              {
                "authenticate_cognito": [],
                "authenticate_oidc": [],
                "fixed_response": [],
                "forward": [],
                "order": 1,
                "redirect": [],
                "target_group_arn": "arn:aws:elasticloadbalancing:eu-west-3:700778905650:targetgroup/tf-app-lb-tg/2cc790acad23515c",
                "type": "forward"
              }
            ],
            "id": "arn:aws:elasticloadbalancing:eu-west-3:700778905650:listener/app/load-balancer/46b33dc7f64ff0d7/142a7b229e616651",
            "load_balancer_arn": "arn:aws:elasticloadbalancing:eu-west-3:700778905650:loadbalancer/app/load-balancer/46b33dc7f64ff0d7",
            "mutual_authentication": [],
            "port": 80,
            "protocol": "HTTP",
            "ssl_policy": "",
            "tags": null,
            "tags_all": {},
            "timeouts": null
          },
          "sensitive_attributes": [],
          "private": "eyJlMmJmYjczMC1lY2FhLTExZTYtOGY4OC0zNDM2M2JjN2M0YzAiOnsiY3JlYXRlIjozMDAwMDAwMDAwMDAsInVwZGF0ZSI6MzAwMDAwMDAwMDAwfX0=",
          "dependencies": [
            "module.autoscaling.aws_lb.lb_app",
            "module.autoscaling.aws_lb_target_group.cibles",
            "module.autoscaling.aws_security_group.sg_app_lb",
            "module.rds.aws_db_instance.wordpress_db",
            "module.rds.aws_security_group.rds_sg",
            "module.vpc.aws_db_subnet_group.main",
            "module.vpc.aws_subnet.private_db_subnet",
            "module.vpc.aws_subnet.private_db_subnet2",
            "module.vpc.aws_subnet.private_subnet_a",
            "module.vpc.aws_subnet.private_subnet_b",
            "module.vpc.aws_subnet.public_subnet_a",
            "module.vpc.aws_subnet.public_subnet_b",
            "module.vpc.aws_vpc.app_vpc"
          ]
        }
      ]
    },
    {
      "module": "module.autoscaling",
      "mode": "managed",
      "type": "aws_lb_target_group",
      "name": "cibles",
      "provider": "provider[\"registry.terraform.io/hashicorp/aws\"]",
      "instances": [
        {
          "schema_version": 0,
          "attributes": {
            "arn": "arn:aws:elasticloadbalancing:eu-west-3:700778905650:targetgroup/tf-app-lb-tg/2cc790acad23515c",
            "arn_suffix": "targetgroup/tf-app-lb-tg/2cc790acad23515c",
            "connection_termination": null,
            "deregistration_delay": "300",
            "health_check": [
              {
                "enabled": true,
                "healthy_threshold": 3,
                "interval": 15,
                "matcher": "200",
                "path": "/",
                "port": "traffic-port",
                "protocol": "HTTP",
                "timeout": 3,
                "unhealthy_threshold": 3
              }
            ],
            "id": "arn:aws:elasticloadbalancing:eu-west-3:700778905650:targetgroup/tf-app-lb-tg/2cc790acad23515c",
            "ip_address_type": "ipv4",
            "lambda_multi_value_headers_enabled": false,
            "load_balancer_arns": [],
            "load_balancing_algorithm_type": "round_robin",
            "load_balancing_anomaly_mitigation": "off",
            "load_balancing_cross_zone_enabled": "use_load_balancer_configuration",
            "name": "tf-app-lb-tg",
            "name_prefix": "",
            "port": 80,
            "preserve_client_ip": null,
            "protocol": "HTTP",
            "protocol_version": "HTTP1",
            "proxy_protocol_v2": false,
            "slow_start": 0,
            "stickiness": [
              {
                "cookie_duration": 86400,
                "cookie_name": "",
                "enabled": false,
                "type": "lb_cookie"
              }
            ],
            "tags": null,
            "tags_all": {},
            "target_failover": [
              {
                "on_deregistration": null,
                "on_unhealthy": null
              }
            ],
            "target_health_state": [
              {
                "enable_unhealthy_connection_termination": null
              }
            ],
            "target_type": "instance",
            "vpc_id": "vpc-07c89ee5353d129ef"
          },
          "sensitive_attributes": [],
          "private": "bnVsbA==",
          "dependencies": [
            "module.rds.aws_db_instance.wordpress_db",
            "module.rds.aws_security_group.rds_sg",
            "module.vpc.aws_db_subnet_group.main",
            "module.vpc.aws_subnet.private_db_subnet",
            "module.vpc.aws_subnet.private_db_subnet2",
            "module.vpc.aws_subnet.private_subnet_a",
            "module.vpc.aws_subnet.private_subnet_b",
            "module.vpc.aws_vpc.app_vpc"
          ],
          "create_before_destroy": true
        }
      ]
    },
    {
      "module": "module.autoscaling",
      "mode": "managed",
      "type": "aws_security_group",
      "name": "sg_app_lb",
      "provider": "provider[\"registry.terraform.io/hashicorp/aws\"]",
      "instances": [
        {
          "schema_version": 1,
          "attributes": {
            "arn": "arn:aws:ec2:eu-west-3:700778905650:security-group/sg-099616eb74e62406c",
            "description": "Managed by Terraform",
            "egress": [
              {
                "cidr_blocks": [
                  "0.0.0.0/0"
                ],
                "description": "",
                "from_port": 0,
                "ipv6_cidr_blocks": [],
                "prefix_list_ids": [],
                "protocol": "-1",
                "security_groups": [],
                "self": false,
                "to_port": 0
              }
            ],
            "id": "sg-099616eb74e62406c",
            "ingress": [
              {
                "cidr_blocks": [
                  "0.0.0.0/0"
                ],
                "description": "",
                "from_port": 443,
                "ipv6_cidr_blocks": [],
                "prefix_list_ids": [],
                "protocol": "tcp",
                "security_groups": [],
                "self": false,
                "to_port": 443
              },
              {
                "cidr_blocks": [
                  "0.0.0.0/0"
                ],
                "description": "",
                "from_port": 80,
                "ipv6_cidr_blocks": [],
                "prefix_list_ids": [],
                "protocol": "tcp",
                "security_groups": [],
                "self": false,
                "to_port": 80
              }
            ],
            "name": "sg_loadbalancer",
            "name_prefix": "",
            "owner_id": "700778905650",
            "revoke_rules_on_delete": false,
            "tags": {
              "Name": "SG-lb"
            },
            "tags_all": {
              "Name": "SG-lb"
            },
            "timeouts": null,
            "vpc_id": "vpc-07c89ee5353d129ef"
          },
          "sensitive_attributes": [],
          "private": "eyJlMmJmYjczMC1lY2FhLTExZTYtOGY4OC0zNDM2M2JjN2M0YzAiOnsiY3JlYXRlIjo2MDAwMDAwMDAwMDAsImRlbGV0ZSI6OTAwMDAwMDAwMDAwfSwic2NoZW1hX3ZlcnNpb24iOiIxIn0=",
          "dependencies": [
            "module.rds.aws_db_instance.wordpress_db",
            "module.rds.aws_security_group.rds_sg",
            "module.vpc.aws_db_subnet_group.main",
            "module.vpc.aws_subnet.private_db_subnet",
            "module.vpc.aws_subnet.private_db_subnet2",
            "module.vpc.aws_subnet.private_subnet_a",
            "module.vpc.aws_subnet.private_subnet_b",
            "module.vpc.aws_vpc.app_vpc"
          ],
          "create_before_destroy": true
        }
      ]
    },
    {
      "module": "module.autoscaling",
      "mode": "managed",
      "type": "aws_security_group",
      "name": "wordpress_sg",
      "provider": "provider[\"registry.terraform.io/hashicorp/aws\"]",
      "instances": [
        {
          "schema_version": 1,
          "attributes": {
            "arn": "arn:aws:ec2:eu-west-3:700778905650:security-group/sg-0b6e9fc423cb04b1d",
            "description": "Allow HTTP access",
            "egress": [
              {
                "cidr_blocks": [
                  "0.0.0.0/0"
                ],
                "description": "",
                "from_port": 0,
                "ipv6_cidr_blocks": [],
                "prefix_list_ids": [],
                "protocol": "-1",
                "security_groups": [],
                "self": false,
                "to_port": 0
              }
            ],
            "id": "sg-0b6e9fc423cb04b1d",
            "ingress": [
              {
                "cidr_blocks": [
                  "0.0.0.0/0"
                ],
                "description": "",
                "from_port": 22,
                "ipv6_cidr_blocks": [],
                "prefix_list_ids": [],
                "protocol": "tcp",
                "security_groups": [],
                "self": false,
                "to_port": 22
              },
              {
                "cidr_blocks": [
                  "0.0.0.0/0"
                ],
                "description": "",
                "from_port": 443,
                "ipv6_cidr_blocks": [],
                "prefix_list_ids": [],
                "protocol": "tcp",
                "security_groups": [],
                "self": false,
                "to_port": 443
              },
              {
                "cidr_blocks": [
                  "0.0.0.0/0"
                ],
                "description": "",
                "from_port": 80,
                "ipv6_cidr_blocks": [],
                "prefix_list_ids": [],
                "protocol": "tcp",
                "security_groups": [],
                "self": false,
                "to_port": 80
              },
              {
                "cidr_blocks": [],
                "description": "",
                "from_port": 3306,
                "ipv6_cidr_blocks": [],
                "prefix_list_ids": [],
                "protocol": "tcp",
                "security_groups": [
                  "sg-0ad18f63091288df9"
                ],
                "self": false,
                "to_port": 3306
              }
            ],
            "name": "wordpress_sg",
            "name_prefix": "",
            "owner_id": "700778905650",
            "revoke_rules_on_delete": false,
            "tags": {
              "Name": "Wordpress-SG"
            },
            "tags_all": {
              "Name": "Wordpress-SG"
            },
            "timeouts": null,
            "vpc_id": "vpc-07c89ee5353d129ef"
          },
          "sensitive_attributes": [],
          "private": "eyJlMmJmYjczMC1lY2FhLTExZTYtOGY4OC0zNDM2M2JjN2M0YzAiOnsiY3JlYXRlIjo2MDAwMDAwMDAwMDAsImRlbGV0ZSI6OTAwMDAwMDAwMDAwfSwic2NoZW1hX3ZlcnNpb24iOiIxIn0=",
          "dependencies": [
            "module.rds.aws_db_instance.wordpress_db",
            "module.rds.aws_security_group.rds_sg",
            "module.vpc.aws_db_subnet_group.main",
            "module.vpc.aws_subnet.private_db_subnet",
            "module.vpc.aws_subnet.private_db_subnet2",
            "module.vpc.aws_subnet.private_subnet_a",
            "module.vpc.aws_subnet.private_subnet_b",
            "module.vpc.aws_vpc.app_vpc"
          ]
        }
      ]
    },
    {
      "module": "module.bastion",
      "mode": "managed",
      "type": "aws_instance",
      "name": "bastion",
      "provider": "provider[\"registry.terraform.io/hashicorp/aws\"]",
      "instances": [
        {
          "schema_version": 1,
          "attributes": {
            "ami": "ami-00ac45f3035ff009e",
            "arn": "arn:aws:ec2:eu-west-3:700778905650:instance/i-0e25fa3ae5e38c0fe",
            "associate_public_ip_address": true,
            "availability_zone": "eu-west-3a",
            "capacity_reservation_specification": [
              {
                "capacity_reservation_preference": "open",
                "capacity_reservation_target": []
              }
            ],
            "cpu_core_count": 1,
            "cpu_options": [
              {
                "amd_sev_snp": "",
                "core_count": 1,
                "threads_per_core": 1
              }
            ],
            "cpu_threads_per_core": 1,
            "credit_specification": [
              {
                "cpu_credits": "standard"
              }
            ],
            "disable_api_stop": false,
            "disable_api_termination": false,
            "ebs_block_device": [],
            "ebs_optimized": false,
            "enclave_options": [
              {
                "enabled": false
              }
            ],
            "ephemeral_block_device": [],
            "get_password_data": false,
            "hibernation": false,
            "host_id": "",
            "host_resource_group_arn": null,
            "iam_instance_profile": "",
            "id": "i-0e25fa3ae5e38c0fe",
            "instance_initiated_shutdown_behavior": "stop",
            "instance_lifecycle": "",
            "instance_market_options": [],
            "instance_state": "running",
            "instance_type": "t2.micro",
            "ipv6_address_count": 0,
            "ipv6_addresses": [],
            "key_name": "app-key",
            "launch_template": [],
            "maintenance_options": [
              {
                "auto_recovery": "default"
              }
            ],
            "metadata_options": [
              {
                "http_endpoint": "enabled",
                "http_protocol_ipv6": "disabled",
                "http_put_response_hop_limit": 2,
                "http_tokens": "required",
                "instance_metadata_tags": "disabled"
              }
            ],
            "monitoring": false,
            "network_interface": [],
            "outpost_arn": "",
            "password_data": "",
            "placement_group": "",
            "placement_partition_number": 0,
            "primary_network_interface_id": "eni-02d611f1c97c53ccd",
            "private_dns": "ip-10-0-1-94.eu-west-3.compute.internal",
            "private_dns_name_options": [
              {
                "enable_resource_name_dns_a_record": false,
                "enable_resource_name_dns_aaaa_record": false,
                "hostname_type": "ip-name"
              }
            ],
            "private_ip": "10.0.1.94",
            "public_dns": "ec2-15-237-187-3.eu-west-3.compute.amazonaws.com",
            "public_ip": "15.237.187.3",
            "root_block_device": [
              {
                "delete_on_termination": true,
                "device_name": "/dev/sda1",
                "encrypted": false,
                "iops": 3000,
                "kms_key_id": "",
                "tags": {},
                "tags_all": {},
                "throughput": 125,
                "volume_id": "vol-0532bac6529ea526c",
                "volume_size": 8,
                "volume_type": "gp3"
              }
            ],
            "secondary_private_ips": [],
            "security_groups": [],
            "source_dest_check": true,
            "spot_instance_request_id": "",
            "subnet_id": "subnet-0e54d5246c886029e",
            "tags": {
              "Name": "Bastion"
            },
            "tags_all": {
              "Name": "Bastion"
            },
            "tenancy": "default",
            "timeouts": null,
            "user_data": "0c4478e9474c9f45880677966fa395a8f28b0502",
            "user_data_base64": null,
            "user_data_replace_on_change": false,
            "volume_tags": null,
            "vpc_security_group_ids": [
              "sg-0cff04d2559bf0d71"
            ]
          },
          "sensitive_attributes": [],
          "private": "eyJlMmJmYjczMC1lY2FhLTExZTYtOGY4OC0zNDM2M2JjN2M0YzAiOnsiY3JlYXRlIjo2MDAwMDAwMDAwMDAsImRlbGV0ZSI6MTIwMDAwMDAwMDAwMCwicmVhZCI6OTAwMDAwMDAwMDAwLCJ1cGRhdGUiOjYwMDAwMDAwMDAwMH0sInNjaGVtYV92ZXJzaW9uIjoiMSJ9",
          "dependencies": [
            "module.autoscaling.aws_key_pair.app_key",
            "module.bastion.aws_security_group.bastion_sg",
            "module.rds.aws_db_instance.wordpress_db",
            "module.rds.aws_security_group.rds_sg",
            "module.vpc.aws_db_subnet_group.main",
            "module.vpc.aws_subnet.private_db_subnet",
            "module.vpc.aws_subnet.private_db_subnet2",
            "module.vpc.aws_subnet.private_subnet_a",
            "module.vpc.aws_subnet.private_subnet_b",
            "module.vpc.aws_subnet.public_subnet_a",
            "module.vpc.aws_subnet.public_subnet_b",
            "module.vpc.aws_vpc.app_vpc"
          ]
        }
      ]
    },
    {
      "module": "module.bastion",
      "mode": "managed",
      "type": "aws_security_group",
      "name": "bastion_sg",
      "provider": "provider[\"registry.terraform.io/hashicorp/aws\"]",
      "instances": [
        {
          "schema_version": 1,
          "attributes": {
            "arn": "arn:aws:ec2:eu-west-3:700778905650:security-group/sg-0cff04d2559bf0d71",
            "description": "Security group for bastion",
            "egress": [
              {
                "cidr_blocks": [
                  "0.0.0.0/0"
                ],
                "description": "",
                "from_port": 0,
                "ipv6_cidr_blocks": [],
                "prefix_list_ids": [],
                "protocol": "-1",
                "security_groups": [],
                "self": false,
                "to_port": 0
              }
            ],
            "id": "sg-0cff04d2559bf0d71",
            "ingress": [
              {
                "cidr_blocks": [
                  "0.0.0.0/0"
                ],
                "description": "",
                "from_port": 22,
                "ipv6_cidr_blocks": [],
                "prefix_list_ids": [],
                "protocol": "tcp",
                "security_groups": [],
                "self": false,
                "to_port": 22
              }
            ],
            "name": "bastion-sg",
            "name_prefix": "",
            "owner_id": "700778905650",
            "revoke_rules_on_delete": false,
            "tags": {
              "Name": "bastion-sg"
            },
            "tags_all": {
              "Name": "bastion-sg"
            },
            "timeouts": null,
            "vpc_id": "vpc-07c89ee5353d129ef"
          },
          "sensitive_attributes": [],
          "private": "eyJlMmJmYjczMC1lY2FhLTExZTYtOGY4OC0zNDM2M2JjN2M0YzAiOnsiY3JlYXRlIjo2MDAwMDAwMDAwMDAsImRlbGV0ZSI6OTAwMDAwMDAwMDAwfSwic2NoZW1hX3ZlcnNpb24iOiIxIn0=",
          "dependencies": [
            "module.vpc.aws_vpc.app_vpc"
          ]
        }
      ]
    },
    {
      "module": "module.bastion",
      "mode": "managed",
      "type": "aws_security_group",
      "name": "liens_bastion",
      "provider": "provider[\"registry.terraform.io/hashicorp/aws\"]",
      "instances": [
        {
          "schema_version": 1,
          "attributes": {
            "arn": "arn:aws:ec2:eu-west-3:700778905650:security-group/sg-06bdb76b678ae76be",
            "description": "SG EC2-RDS",
            "egress": [],
            "id": "sg-06bdb76b678ae76be",
            "ingress": [
              {
                "cidr_blocks": [],
                "description": "",
                "from_port": 3306,
                "ipv6_cidr_blocks": [],
                "prefix_list_ids": [],
                "protocol": "tcp",
                "security_groups": [
                  "sg-0ad18f63091288df9"
                ],
                "self": false,
                "to_port": 3306
              },
              {
                "cidr_blocks": [],
                "description": "",
                "from_port": 80,
                "ipv6_cidr_blocks": [],
                "prefix_list_ids": [],
                "protocol": "tcp",
                "security_groups": [
                  "sg-0b6e9fc423cb04b1d"
                ],
                "self": false,
                "to_port": 80
              }
            ],
            "name": "bastion-link",
            "name_prefix": "",
            "owner_id": "700778905650",
            "revoke_rules_on_delete": false,
            "tags": null,
            "tags_all": {},
            "timeouts": null,
            "vpc_id": "vpc-07c89ee5353d129ef"
          },
          "sensitive_attributes": [],
          "private": "eyJlMmJmYjczMC1lY2FhLTExZTYtOGY4OC0zNDM2M2JjN2M0YzAiOnsiY3JlYXRlIjo2MDAwMDAwMDAwMDAsImRlbGV0ZSI6OTAwMDAwMDAwMDAwfSwic2NoZW1hX3ZlcnNpb24iOiIxIn0=",
          "dependencies": [
            "module.autoscaling.aws_security_group.wordpress_sg",
            "module.rds.aws_db_instance.wordpress_db",
            "module.rds.aws_security_group.rds_sg",
            "module.vpc.aws_db_subnet_group.main",
            "module.vpc.aws_subnet.private_db_subnet",
            "module.vpc.aws_subnet.private_db_subnet2",
            "module.vpc.aws_subnet.private_subnet_a",
            "module.vpc.aws_subnet.private_subnet_b",
            "module.vpc.aws_vpc.app_vpc"
          ]
        }
      ]
    },
    {
      "module": "module.rds",
      "mode": "managed",
      "type": "aws_db_instance",
      "name": "wordpress_db",
      "provider": "provider[\"registry.terraform.io/hashicorp/aws\"]",
      "instances": [
        {
          "schema_version": 2,
          "attributes": {
            "address": "wordpress-rds-instance.cbgy0ouc03so.eu-west-3.rds.amazonaws.com",
            "allocated_storage": 20,
            "allow_major_version_upgrade": null,
            "apply_immediately": false,
            "arn": "arn:aws:rds:eu-west-3:700778905650:db:wordpress-rds-instance",
            "auto_minor_version_upgrade": true,
            "availability_zone": "eu-west-3a",
            "backup_retention_period": 0,
            "backup_target": "region",
            "backup_window": "08:41-09:11",
            "blue_green_update": [],
            "ca_cert_identifier": "rds-ca-rsa2048-g1",
            "character_set_name": "",
            "copy_tags_to_snapshot": false,
            "custom_iam_instance_profile": "",
            "customer_owned_ip_enabled": false,
            "db_name": "wordpressdb",
            "db_subnet_group_name": "db-subnet-group",
            "dedicated_log_volume": false,
            "delete_automated_backups": true,
            "deletion_protection": false,
            "domain": "",
            "domain_auth_secret_arn": "",
            "domain_dns_ips": null,
            "domain_fqdn": "",
            "domain_iam_role_name": "",
            "domain_ou": "",
            "enabled_cloudwatch_logs_exports": null,
            "endpoint": "wordpress-rds-instance.cbgy0ouc03so.eu-west-3.rds.amazonaws.com:3306",
            "engine": "mysql",
            "engine_version": "8.0",
            "engine_version_actual": "8.0.35",
            "final_snapshot_identifier": null,
            "hosted_zone_id": "ZMESEXB7ZGGQ3",
            "iam_database_authentication_enabled": false,
            "id": "db-YJUXSQLCATOTCQJ24XWIVE45HQ",
            "identifier": "wordpress-rds-instance",
            "identifier_prefix": "",
            "instance_class": "db.t3.micro",
            "iops": 0,
            "kms_key_id": "",
            "latest_restorable_time": "",
            "license_model": "general-public-license",
            "listener_endpoint": [],
            "maintenance_window": "mon:00:31-mon:01:01",
            "manage_master_user_password": null,
            "master_user_secret": [],
            "master_user_secret_kms_key_id": null,
            "max_allocated_storage": 0,
            "monitoring_interval": 0,
            "monitoring_role_arn": "",
            "multi_az": false,
            "nchar_character_set_name": "",
            "network_type": "IPV4",
            "option_group_name": "default:mysql-8-0",
            "parameter_group_name": "default.mysql8.0",
            "password": "password",
            "performance_insights_enabled": false,
            "performance_insights_kms_key_id": "",
            "performance_insights_retention_period": 0,
            "port": 3306,
            "publicly_accessible": false,
            "replica_mode": "",
            "replicas": [],
            "replicate_source_db": "",
            "resource_id": "db-YJUXSQLCATOTCQJ24XWIVE45HQ",
            "restore_to_point_in_time": [],
            "s3_import": [],
            "skip_final_snapshot": true,
            "snapshot_identifier": null,
            "status": "available",
            "storage_encrypted": false,
            "storage_throughput": 0,
            "storage_type": "gp2",
            "tags": {
              "Name": "App-DB"
            },
            "tags_all": {
              "Name": "App-DB"
            },
            "timeouts": null,
            "timezone": "",
            "username": "sanou",
            "vpc_security_group_ids": [
              "sg-0ad18f63091288df9"
            ]
          },
          "sensitive_attributes": [
            [
              {
                "type": "get_attr",
                "value": "username"
              }
            ],
            [
              {
                "type": "get_attr",
                "value": "password"
              }
            ]
          ],
          "private": "eyJlMmJmYjczMC1lY2FhLTExZTYtOGY4OC0zNDM2M2JjN2M0YzAiOnsiY3JlYXRlIjoyNDAwMDAwMDAwMDAwLCJkZWxldGUiOjM2MDAwMDAwMDAwMDAsInVwZGF0ZSI6NDgwMDAwMDAwMDAwMH0sInNjaGVtYV92ZXJzaW9uIjoiMiJ9",
          "dependencies": [
            "module.rds.aws_security_group.rds_sg",
            "module.vpc.aws_db_subnet_group.main",
            "module.vpc.aws_subnet.private_db_subnet",
            "module.vpc.aws_subnet.private_db_subnet2",
            "module.vpc.aws_vpc.app_vpc"
          ],
          "create_before_destroy": true
        }
      ]
    },
    {
      "module": "module.rds",
      "mode": "managed",
      "type": "aws_security_group",
      "name": "rds_sg",
      "provider": "provider[\"registry.terraform.io/hashicorp/aws\"]",
      "instances": [
        {
          "schema_version": 1,
          "attributes": {
            "arn": "arn:aws:ec2:eu-west-3:700778905650:security-group/sg-0ad18f63091288df9",
            "description": "Security group for RDS",
            "egress": [
              {
                "cidr_blocks": [
                  "0.0.0.0/0"
                ],
                "description": "",
                "from_port": 0,
                "ipv6_cidr_blocks": [],
                "prefix_list_ids": [],
                "protocol": "-1",
                "security_groups": [],
                "self": false,
                "to_port": 0
              }
            ],
            "id": "sg-0ad18f63091288df9",
            "ingress": [
              {
                "cidr_blocks": [],
                "description": "",
                "from_port": 3306,
                "ipv6_cidr_blocks": [],
                "prefix_list_ids": [],
                "protocol": "tcp",
                "security_groups": [],
                "self": true,
                "to_port": 3306
              }
            ],
            "name": "rds-sg",
            "name_prefix": "",
            "owner_id": "700778905650",
            "revoke_rules_on_delete": false,
            "tags": {
              "Name": "rds-sg"
            },
            "tags_all": {
              "Name": "rds-sg"
            },
            "timeouts": null,
            "vpc_id": "vpc-07c89ee5353d129ef"
          },
          "sensitive_attributes": [],
          "private": "eyJlMmJmYjczMC1lY2FhLTExZTYtOGY4OC0zNDM2M2JjN2M0YzAiOnsiY3JlYXRlIjo2MDAwMDAwMDAwMDAsImRlbGV0ZSI6OTAwMDAwMDAwMDAwfSwic2NoZW1hX3ZlcnNpb24iOiIxIn0=",
          "dependencies": [
            "module.vpc.aws_vpc.app_vpc"
          ],
          "create_before_destroy": true
        }
      ]
    },
    {
      "module": "module.vpc",
      "mode": "managed",
      "type": "aws_db_subnet_group",
      "name": "main",
      "provider": "provider[\"registry.terraform.io/hashicorp/aws\"]",
      "instances": [
        {
          "schema_version": 0,
          "attributes": {
            "arn": "arn:aws:rds:eu-west-3:700778905650:subgrp:db-subnet-group",
            "description": "Managed by Terraform",
            "id": "db-subnet-group",
            "name": "db-subnet-group",
            "name_prefix": "",
            "subnet_ids": [
              "subnet-0b56863305441d409",
              "subnet-0da968a9f89a20681"
            ],
            "supported_network_types": [
              "IPV4"
            ],
            "tags": {
              "Name": "main-db-subnet-group"
            },
            "tags_all": {
              "Name": "main-db-subnet-group"
            },
            "vpc_id": "vpc-07c89ee5353d129ef"
          },
          "sensitive_attributes": [],
          "private": "bnVsbA==",
          "dependencies": [
            "module.vpc.aws_subnet.private_db_subnet",
            "module.vpc.aws_subnet.private_db_subnet2",
            "module.vpc.aws_vpc.app_vpc"
          ],
          "create_before_destroy": true
        }
      ]
    },
    {
      "module": "module.vpc",
      "mode": "managed",
      "type": "aws_eip",
      "name": "eip_public_a",
      "provider": "provider[\"registry.terraform.io/hashicorp/aws\"]",
      "instances": [
        {
          "schema_version": 0,
          "attributes": {
            "address": null,
            "allocation_id": "eipalloc-0a43285c10bcd8a48",
            "arn": "arn:aws:ec2:eu-west-3:700778905650:elastic-ip/eipalloc-0a43285c10bcd8a48",
            "associate_with_private_ip": null,
            "association_id": "",
            "carrier_ip": "",
            "customer_owned_ip": "",
            "customer_owned_ipv4_pool": "",
            "domain": "vpc",
            "id": "eipalloc-0a43285c10bcd8a48",
            "instance": "",
            "network_border_group": "eu-west-3",
            "network_interface": "",
            "private_dns": null,
            "private_ip": "",
            "ptr_record": "",
            "public_dns": "ec2-13-36-231-63.eu-west-3.compute.amazonaws.com",
            "public_ip": "13.36.231.63",
            "public_ipv4_pool": "amazon",
            "tags": null,
            "tags_all": {},
            "timeouts": null,
            "vpc": true
          },
          "sensitive_attributes": [],
          "private": "eyJlMmJmYjczMC1lY2FhLTExZTYtOGY4OC0zNDM2M2JjN2M0YzAiOnsiZGVsZXRlIjoxODAwMDAwMDAwMDAsInJlYWQiOjkwMDAwMDAwMDAwMCwidXBkYXRlIjozMDAwMDAwMDAwMDB9fQ=="
        }
      ]
    },
    {
      "module": "module.vpc",
      "mode": "managed",
      "type": "aws_eip",
      "name": "eip_public_b",
      "provider": "provider[\"registry.terraform.io/hashicorp/aws\"]",
      "instances": [
        {
          "schema_version": 0,
          "attributes": {
            "address": null,
            "allocation_id": "eipalloc-08fb1f260bb5d8fe6",
            "arn": "arn:aws:ec2:eu-west-3:700778905650:elastic-ip/eipalloc-08fb1f260bb5d8fe6",
            "associate_with_private_ip": null,
            "association_id": "",
            "carrier_ip": "",
            "customer_owned_ip": "",
            "customer_owned_ipv4_pool": "",
            "domain": "vpc",
            "id": "eipalloc-08fb1f260bb5d8fe6",
            "instance": "",
            "network_border_group": "eu-west-3",
            "network_interface": "",
            "private_dns": null,
            "private_ip": "",
            "ptr_record": "",
            "public_dns": "ec2-35-180-239-19.eu-west-3.compute.amazonaws.com",
            "public_ip": "35.180.239.19",
            "public_ipv4_pool": "amazon",
            "tags": null,
            "tags_all": {},
            "timeouts": null,
            "vpc": true
          },
          "sensitive_attributes": [],
          "private": "eyJlMmJmYjczMC1lY2FhLTExZTYtOGY4OC0zNDM2M2JjN2M0YzAiOnsiZGVsZXRlIjoxODAwMDAwMDAwMDAsInJlYWQiOjkwMDAwMDAwMDAwMCwidXBkYXRlIjozMDAwMDAwMDAwMDB9fQ=="
        }
      ]
    },
    {
      "module": "module.vpc",
      "mode": "managed",
      "type": "aws_internet_gateway",
      "name": "app_igw",
      "provider": "provider[\"registry.terraform.io/hashicorp/aws\"]",
      "instances": [
        {
          "schema_version": 0,
          "attributes": {
            "arn": "arn:aws:ec2:eu-west-3:700778905650:internet-gateway/igw-059b40a5f1a00aae4",
            "id": "igw-059b40a5f1a00aae4",
            "owner_id": "700778905650",
            "tags": {
              "Name": "app-gateway"
            },
            "tags_all": {
              "Name": "app-gateway"
            },
            "timeouts": null,
            "vpc_id": "vpc-07c89ee5353d129ef"
          },
          "sensitive_attributes": [],
          "private": "eyJlMmJmYjczMC1lY2FhLTExZTYtOGY4OC0zNDM2M2JjN2M0YzAiOnsiY3JlYXRlIjoxMjAwMDAwMDAwMDAwLCJkZWxldGUiOjEyMDAwMDAwMDAwMDAsInVwZGF0ZSI6MTIwMDAwMDAwMDAwMH19",
          "dependencies": [
            "module.vpc.aws_vpc.app_vpc"
          ]
        }
      ]
    },
    {
      "module": "module.vpc",
      "mode": "managed",
      "type": "aws_nat_gateway",
      "name": "gw_pub_a",
      "provider": "provider[\"registry.terraform.io/hashicorp/aws\"]",
      "instances": [
        {
          "schema_version": 0,
          "attributes": {
            "allocation_id": "eipalloc-0a43285c10bcd8a48",
            "association_id": "eipassoc-0aa1d603e78f810c6",
            "connectivity_type": "public",
            "id": "nat-02a58d1e1465d90c1",
            "network_interface_id": "eni-0cb0123102837f0f6",
            "private_ip": "10.0.1.36",
            "public_ip": "13.36.231.63",
            "secondary_allocation_ids": null,
            "secondary_private_ip_address_count": 0,
            "secondary_private_ip_addresses": [],
            "subnet_id": "subnet-0e54d5246c886029e",
            "tags": {
              "Name": "app_ngw_a"
            },
            "tags_all": {
              "Name": "app_ngw_a"
            },
            "timeouts": null
          },
          "sensitive_attributes": [],
          "private": "eyJlMmJmYjczMC1lY2FhLTExZTYtOGY4OC0zNDM2M2JjN2M0YzAiOnsiY3JlYXRlIjo2MDAwMDAwMDAwMDAsImRlbGV0ZSI6MTgwMDAwMDAwMDAwMCwidXBkYXRlIjo2MDAwMDAwMDAwMDB9fQ==",
          "dependencies": [
            "module.vpc.aws_eip.eip_public_a",
            "module.vpc.aws_subnet.public_subnet_a",
            "module.vpc.aws_vpc.app_vpc"
          ]
        }
      ]
    },
    {
      "module": "module.vpc",
      "mode": "managed",
      "type": "aws_nat_gateway",
      "name": "gw_pub_b",
      "provider": "provider[\"registry.terraform.io/hashicorp/aws\"]",
      "instances": [
        {
          "schema_version": 0,
          "attributes": {
            "allocation_id": "eipalloc-08fb1f260bb5d8fe6",
            "association_id": "eipassoc-05b6ddcc0416b9673",
            "connectivity_type": "public",
            "id": "nat-0f9a62841cc1b373e",
            "network_interface_id": "eni-04426c6e6c45cfba2",
            "private_ip": "10.0.2.206",
            "public_ip": "35.180.239.19",
            "secondary_allocation_ids": null,
            "secondary_private_ip_address_count": 0,
            "secondary_private_ip_addresses": [],
            "subnet_id": "subnet-0a42f6f2b2ffddb5a",
            "tags": {
              "Name": "app_ngw_b"
            },
            "tags_all": {
              "Name": "app_ngw_b"
            },
            "timeouts": null
          },
          "sensitive_attributes": [],
          "private": "eyJlMmJmYjczMC1lY2FhLTExZTYtOGY4OC0zNDM2M2JjN2M0YzAiOnsiY3JlYXRlIjo2MDAwMDAwMDAwMDAsImRlbGV0ZSI6MTgwMDAwMDAwMDAwMCwidXBkYXRlIjo2MDAwMDAwMDAwMDB9fQ==",
          "dependencies": [
            "module.vpc.aws_eip.eip_public_b",
            "module.vpc.aws_subnet.public_subnet_b",
            "module.vpc.aws_vpc.app_vpc"
          ]
        }
      ]
    },
    {
      "module": "module.vpc",
      "mode": "managed",
      "type": "aws_network_acl",
      "name": "nacl_publica",
      "provider": "provider[\"registry.terraform.io/hashicorp/aws\"]",
      "instances": [
        {
          "schema_version": 0,
          "attributes": {
            "arn": "arn:aws:ec2:eu-west-3:700778905650:network-acl/acl-0205bc7e193d9146f",
            "egress": [],
            "id": "acl-0205bc7e193d9146f",
            "ingress": [],
            "owner_id": "700778905650",
            "subnet_ids": [],
            "tags": {
              "Name": "ACL-app"
            },
            "tags_all": {
              "Name": "ACL-app"
            },
            "vpc_id": "vpc-07c89ee5353d129ef"
          },
          "sensitive_attributes": [],
          "private": "bnVsbA==",
          "dependencies": [
            "module.vpc.aws_vpc.app_vpc"
          ]
        }
      ]
    },
    {
      "module": "module.vpc",
      "mode": "managed",
      "type": "aws_network_acl",
      "name": "nacl_publicb",
      "provider": "provider[\"registry.terraform.io/hashicorp/aws\"]",
      "instances": [
        {
          "schema_version": 0,
          "attributes": {
            "arn": "arn:aws:ec2:eu-west-3:700778905650:network-acl/acl-0bb5f8cf5338c4e92",
            "egress": [],
            "id": "acl-0bb5f8cf5338c4e92",
            "ingress": [],
            "owner_id": "700778905650",
            "subnet_ids": [],
            "tags": {
              "Name": "ACL-app2"
            },
            "tags_all": {
              "Name": "ACL-app2"
            },
            "vpc_id": "vpc-07c89ee5353d129ef"
          },
          "sensitive_attributes": [],
          "private": "bnVsbA==",
          "dependencies": [
            "module.vpc.aws_vpc.app_vpc"
          ]
        }
      ]
    },
    {
      "module": "module.vpc",
      "mode": "managed",
      "type": "aws_network_acl_rule",
      "name": "nat_inbounda",
      "provider": "provider[\"registry.terraform.io/hashicorp/aws\"]",
      "instances": [
        {
          "schema_version": 0,
          "attributes": {
            "cidr_block": "0.0.0.0/0",
            "egress": false,
            "from_port": 0,
            "icmp_code": null,
            "icmp_type": null,
            "id": "nacl-3150474855",
            "ipv6_cidr_block": "",
            "network_acl_id": "acl-0205bc7e193d9146f",
            "protocol": "-1",
            "rule_action": "allow",
            "rule_number": 200,
            "to_port": 0
          },
          "sensitive_attributes": [],
          "private": "bnVsbA==",
          "dependencies": [
            "module.vpc.aws_network_acl.nacl_publica",
            "module.vpc.aws_vpc.app_vpc"
          ]
        }
      ]
    },
    {
      "module": "module.vpc",
      "mode": "managed",
      "type": "aws_network_acl_rule",
      "name": "nat_inboundb",
      "provider": "provider[\"registry.terraform.io/hashicorp/aws\"]",
      "instances": [
        {
          "schema_version": 0,
          "attributes": {
            "cidr_block": "0.0.0.0/0",
            "egress": false,
            "from_port": 0,
            "icmp_code": null,
            "icmp_type": null,
            "id": "nacl-3245846774",
            "ipv6_cidr_block": "",
            "network_acl_id": "acl-0bb5f8cf5338c4e92",
            "protocol": "-1",
            "rule_action": "allow",
            "rule_number": 300,
            "to_port": 0
          },
          "sensitive_attributes": [],
          "private": "bnVsbA==",
          "dependencies": [
            "module.vpc.aws_network_acl.nacl_publicb",
            "module.vpc.aws_vpc.app_vpc"
          ]
        }
      ]
    },
    {
      "module": "module.vpc",
      "mode": "managed",
      "type": "aws_route_table",
      "name": "private-a",
      "provider": "provider[\"registry.terraform.io/hashicorp/aws\"]",
      "instances": [
        {
          "schema_version": 0,
          "attributes": {
            "arn": "arn:aws:ec2:eu-west-3:700778905650:route-table/rtb-0bafa81ce21138f24",
            "id": "rtb-0bafa81ce21138f24",
            "owner_id": "700778905650",
            "propagating_vgws": [],
            "route": [
              {
                "carrier_gateway_id": "",
                "cidr_block": "0.0.0.0/0",
                "core_network_arn": "",
                "destination_prefix_list_id": "",
                "egress_only_gateway_id": "",
                "gateway_id": "",
                "ipv6_cidr_block": "",
                "local_gateway_id": "",
                "nat_gateway_id": "nat-02a58d1e1465d90c1",
                "network_interface_id": "",
                "transit_gateway_id": "",
                "vpc_endpoint_id": "",
                "vpc_peering_connection_id": ""
              }
            ],
            "tags": {
              "Name": "private-routetable"
            },
            "tags_all": {
              "Name": "private-routetable"
            },
            "timeouts": null,
            "vpc_id": "vpc-07c89ee5353d129ef"
          },
          "sensitive_attributes": [],
          "private": "eyJlMmJmYjczMC1lY2FhLTExZTYtOGY4OC0zNDM2M2JjN2M0YzAiOnsiY3JlYXRlIjozMDAwMDAwMDAwMDAsImRlbGV0ZSI6MzAwMDAwMDAwMDAwLCJ1cGRhdGUiOjEyMDAwMDAwMDAwMH19",
          "dependencies": [
            "module.vpc.aws_eip.eip_public_a",
            "module.vpc.aws_nat_gateway.gw_pub_a",
            "module.vpc.aws_subnet.public_subnet_a",
            "module.vpc.aws_vpc.app_vpc"
          ]
        }
      ]
    },
    {
      "module": "module.vpc",
      "mode": "managed",
      "type": "aws_route_table",
      "name": "private-b",
      "provider": "provider[\"registry.terraform.io/hashicorp/aws\"]",
      "instances": [
        {
          "schema_version": 0,
          "attributes": {
            "arn": "arn:aws:ec2:eu-west-3:700778905650:route-table/rtb-0b777f30bf3a36392",
            "id": "rtb-0b777f30bf3a36392",
            "owner_id": "700778905650",
            "propagating_vgws": [],
            "route": [
              {
                "carrier_gateway_id": "",
                "cidr_block": "0.0.0.0/0",
                "core_network_arn": "",
                "destination_prefix_list_id": "",
                "egress_only_gateway_id": "",
                "gateway_id": "",
                "ipv6_cidr_block": "",
                "local_gateway_id": "",
                "nat_gateway_id": "nat-0f9a62841cc1b373e",
                "network_interface_id": "",
                "transit_gateway_id": "",
                "vpc_endpoint_id": "",
                "vpc_peering_connection_id": ""
              }
            ],
            "tags": {
              "Name": "private-routetable"
            },
            "tags_all": {
              "Name": "private-routetable"
            },
            "timeouts": null,
            "vpc_id": "vpc-07c89ee5353d129ef"
          },
          "sensitive_attributes": [],
          "private": "eyJlMmJmYjczMC1lY2FhLTExZTYtOGY4OC0zNDM2M2JjN2M0YzAiOnsiY3JlYXRlIjozMDAwMDAwMDAwMDAsImRlbGV0ZSI6MzAwMDAwMDAwMDAwLCJ1cGRhdGUiOjEyMDAwMDAwMDAwMH19",
          "dependencies": [
            "module.vpc.aws_eip.eip_public_b",
            "module.vpc.aws_nat_gateway.gw_pub_b",
            "module.vpc.aws_subnet.public_subnet_b",
            "module.vpc.aws_vpc.app_vpc"
          ]
        }
      ]
    },
    {
      "module": "module.vpc",
      "mode": "managed",
      "type": "aws_route_table",
      "name": "private_db",
      "provider": "provider[\"registry.terraform.io/hashicorp/aws\"]",
      "instances": [
        {
          "schema_version": 0,
          "attributes": {
            "arn": "arn:aws:ec2:eu-west-3:700778905650:route-table/rtb-0bba33b74c3a35f65",
            "id": "rtb-0bba33b74c3a35f65",
            "owner_id": "700778905650",
            "propagating_vgws": [],
            "route": [
              {
                "carrier_gateway_id": "",
                "cidr_block": "0.0.0.0/0",
                "core_network_arn": "",
                "destination_prefix_list_id": "",
                "egress_only_gateway_id": "",
                "gateway_id": "",
                "ipv6_cidr_block": "",
                "local_gateway_id": "",
                "nat_gateway_id": "nat-02a58d1e1465d90c1",
                "network_interface_id": "",
                "transit_gateway_id": "",
                "vpc_endpoint_id": "",
                "vpc_peering_connection_id": ""
              }
            ],
            "tags": {
              "Name": "private-db-rtb"
            },
            "tags_all": {
              "Name": "private-db-rtb"
            },
            "timeouts": null,
            "vpc_id": "vpc-07c89ee5353d129ef"
          },
          "sensitive_attributes": [],
          "private": "eyJlMmJmYjczMC1lY2FhLTExZTYtOGY4OC0zNDM2M2JjN2M0YzAiOnsiY3JlYXRlIjozMDAwMDAwMDAwMDAsImRlbGV0ZSI6MzAwMDAwMDAwMDAwLCJ1cGRhdGUiOjEyMDAwMDAwMDAwMH19",
          "dependencies": [
            "module.vpc.aws_eip.eip_public_a",
            "module.vpc.aws_nat_gateway.gw_pub_a",
            "module.vpc.aws_subnet.public_subnet_a",
            "module.vpc.aws_vpc.app_vpc"
          ]
        }
      ]
    },
    {
      "module": "module.vpc",
      "mode": "managed",
      "type": "aws_route_table",
      "name": "rtb_public",
      "provider": "provider[\"registry.terraform.io/hashicorp/aws\"]",
      "instances": [
        {
          "schema_version": 0,
          "attributes": {
            "arn": "arn:aws:ec2:eu-west-3:700778905650:route-table/rtb-0ea0f49deb1519da5",
            "id": "rtb-0ea0f49deb1519da5",
            "owner_id": "700778905650",
            "propagating_vgws": [],
            "route": [
              {
                "carrier_gateway_id": "",
                "cidr_block": "0.0.0.0/0",
                "core_network_arn": "",
                "destination_prefix_list_id": "",
                "egress_only_gateway_id": "",
                "gateway_id": "igw-059b40a5f1a00aae4",
                "ipv6_cidr_block": "",
                "local_gateway_id": "",
                "nat_gateway_id": "",
                "network_interface_id": "",
                "transit_gateway_id": "",
                "vpc_endpoint_id": "",
                "vpc_peering_connection_id": ""
              }
            ],
            "tags": {
              "Name": "app-public-rtb"
            },
            "tags_all": {
              "Name": "app-public-rtb"
            },
            "timeouts": null,
            "vpc_id": "vpc-07c89ee5353d129ef"
          },
          "sensitive_attributes": [],
          "private": "eyJlMmJmYjczMC1lY2FhLTExZTYtOGY4OC0zNDM2M2JjN2M0YzAiOnsiY3JlYXRlIjozMDAwMDAwMDAwMDAsImRlbGV0ZSI6MzAwMDAwMDAwMDAwLCJ1cGRhdGUiOjEyMDAwMDAwMDAwMH19",
          "dependencies": [
            "module.vpc.aws_internet_gateway.app_igw",
            "module.vpc.aws_vpc.app_vpc"
          ]
        }
      ]
    },
    {
      "module": "module.vpc",
      "mode": "managed",
      "type": "aws_route_table_association",
      "name": "private_a",
      "provider": "provider[\"registry.terraform.io/hashicorp/aws\"]",
      "instances": [
        {
          "schema_version": 0,
          "attributes": {
            "gateway_id": "",
            "id": "rtbassoc-0fc94d519aec20027",
            "route_table_id": "rtb-0bafa81ce21138f24",
            "subnet_id": "subnet-0b81c38a97810b549",
            "timeouts": null
          },
          "sensitive_attributes": [],
          "private": "eyJlMmJmYjczMC1lY2FhLTExZTYtOGY4OC0zNDM2M2JjN2M0YzAiOnsiY3JlYXRlIjozMDAwMDAwMDAwMDAsImRlbGV0ZSI6MzAwMDAwMDAwMDAwLCJ1cGRhdGUiOjEyMDAwMDAwMDAwMH19",
          "dependencies": [
            "module.vpc.aws_eip.eip_public_a",
            "module.vpc.aws_nat_gateway.gw_pub_a",
            "module.vpc.aws_route_table.private-a",
            "module.vpc.aws_subnet.private_subnet_a",
            "module.vpc.aws_subnet.public_subnet_a",
            "module.vpc.aws_vpc.app_vpc"
          ]
        }
      ]
    },
    {
      "module": "module.vpc",
      "mode": "managed",
      "type": "aws_route_table_association",
      "name": "private_b",
      "provider": "provider[\"registry.terraform.io/hashicorp/aws\"]",
      "instances": [
        {
          "schema_version": 0,
          "attributes": {
            "gateway_id": "",
            "id": "rtbassoc-0229e4c33c7535646",
            "route_table_id": "rtb-0b777f30bf3a36392",
            "subnet_id": "subnet-04d43ef96ef994406",
            "timeouts": null
          },
          "sensitive_attributes": [],
          "private": "eyJlMmJmYjczMC1lY2FhLTExZTYtOGY4OC0zNDM2M2JjN2M0YzAiOnsiY3JlYXRlIjozMDAwMDAwMDAwMDAsImRlbGV0ZSI6MzAwMDAwMDAwMDAwLCJ1cGRhdGUiOjEyMDAwMDAwMDAwMH19",
          "dependencies": [
            "module.vpc.aws_eip.eip_public_b",
            "module.vpc.aws_nat_gateway.gw_pub_b",
            "module.vpc.aws_route_table.private-b",
            "module.vpc.aws_subnet.private_subnet_b",
            "module.vpc.aws_subnet.public_subnet_b",
            "module.vpc.aws_vpc.app_vpc"
          ]
        }
      ]
    },
    {
      "module": "module.vpc",
      "mode": "managed",
      "type": "aws_route_table_association",
      "name": "rta_subnetass_puba",
      "provider": "provider[\"registry.terraform.io/hashicorp/aws\"]",
      "instances": [
        {
          "schema_version": 0,
          "attributes": {
            "gateway_id": "",
            "id": "rtbassoc-0a333abc471f66174",
            "route_table_id": "rtb-0ea0f49deb1519da5",
            "subnet_id": "subnet-0e54d5246c886029e",
            "timeouts": null
          },
          "sensitive_attributes": [],
          "private": "eyJlMmJmYjczMC1lY2FhLTExZTYtOGY4OC0zNDM2M2JjN2M0YzAiOnsiY3JlYXRlIjozMDAwMDAwMDAwMDAsImRlbGV0ZSI6MzAwMDAwMDAwMDAwLCJ1cGRhdGUiOjEyMDAwMDAwMDAwMH19",
          "dependencies": [
            "module.vpc.aws_internet_gateway.app_igw",
            "module.vpc.aws_route_table.rtb_public",
            "module.vpc.aws_subnet.public_subnet_a",
            "module.vpc.aws_vpc.app_vpc"
          ]
        }
      ]
    },
    {
      "module": "module.vpc",
      "mode": "managed",
      "type": "aws_route_table_association",
      "name": "rta_subnetass_pubb",
      "provider": "provider[\"registry.terraform.io/hashicorp/aws\"]",
      "instances": [
        {
          "schema_version": 0,
          "attributes": {
            "gateway_id": "",
            "id": "rtbassoc-0a7749a1d106854e1",
            "route_table_id": "rtb-0ea0f49deb1519da5",
            "subnet_id": "subnet-0a42f6f2b2ffddb5a",
            "timeouts": null
          },
          "sensitive_attributes": [],
          "private": "eyJlMmJmYjczMC1lY2FhLTExZTYtOGY4OC0zNDM2M2JjN2M0YzAiOnsiY3JlYXRlIjozMDAwMDAwMDAwMDAsImRlbGV0ZSI6MzAwMDAwMDAwMDAwLCJ1cGRhdGUiOjEyMDAwMDAwMDAwMH19",
          "dependencies": [
            "module.vpc.aws_internet_gateway.app_igw",
            "module.vpc.aws_route_table.rtb_public",
            "module.vpc.aws_subnet.public_subnet_b",
            "module.vpc.aws_vpc.app_vpc"
          ]
        }
      ]
    },
    {
      "module": "module.vpc",
      "mode": "managed",
      "type": "aws_subnet",
      "name": "private_db_subnet",
      "provider": "provider[\"registry.terraform.io/hashicorp/aws\"]",
      "instances": [
        {
          "schema_version": 1,
          "attributes": {
            "arn": "arn:aws:ec2:eu-west-3:700778905650:subnet/subnet-0da968a9f89a20681",
            "assign_ipv6_address_on_creation": false,
            "availability_zone": "eu-west-3a",
            "availability_zone_id": "euw3-az1",
            "cidr_block": "10.0.5.0/24",
            "customer_owned_ipv4_pool": "",
            "enable_dns64": false,
            "enable_lni_at_device_index": 0,
            "enable_resource_name_dns_a_record_on_launch": false,
            "enable_resource_name_dns_aaaa_record_on_launch": false,
            "id": "subnet-0da968a9f89a20681",
            "ipv6_cidr_block": "",
            "ipv6_cidr_block_association_id": "",
            "ipv6_native": false,
            "map_customer_owned_ip_on_launch": false,
            "map_public_ip_on_launch": false,
            "outpost_arn": "",
            "owner_id": "700778905650",
            "private_dns_hostname_type_on_launch": "ip-name",
            "tags": null,
            "tags_all": {},
            "timeouts": null,
            "vpc_id": "vpc-07c89ee5353d129ef"
          },
          "sensitive_attributes": [],
          "private": "eyJlMmJmYjczMC1lY2FhLTExZTYtOGY4OC0zNDM2M2JjN2M0YzAiOnsiY3JlYXRlIjo2MDAwMDAwMDAwMDAsImRlbGV0ZSI6MTIwMDAwMDAwMDAwMH0sInNjaGVtYV92ZXJzaW9uIjoiMSJ9",
          "dependencies": [
            "module.vpc.aws_vpc.app_vpc"
          ],
          "create_before_destroy": true
        }
      ]
    },
    {
      "module": "module.vpc",
      "mode": "managed",
      "type": "aws_subnet",
      "name": "private_db_subnet2",
      "provider": "provider[\"registry.terraform.io/hashicorp/aws\"]",
      "instances": [
        {
          "schema_version": 1,
          "attributes": {
            "arn": "arn:aws:ec2:eu-west-3:700778905650:subnet/subnet-0b56863305441d409",
            "assign_ipv6_address_on_creation": false,
            "availability_zone": "eu-west-3b",
            "availability_zone_id": "euw3-az2",
            "cidr_block": "10.0.6.0/24",
            "customer_owned_ipv4_pool": "",
            "enable_dns64": false,
            "enable_lni_at_device_index": 0,
            "enable_resource_name_dns_a_record_on_launch": false,
            "enable_resource_name_dns_aaaa_record_on_launch": false,
            "id": "subnet-0b56863305441d409",
            "ipv6_cidr_block": "",
            "ipv6_cidr_block_association_id": "",
            "ipv6_native": false,
            "map_customer_owned_ip_on_launch": false,
            "map_public_ip_on_launch": false,
            "outpost_arn": "",
            "owner_id": "700778905650",
            "private_dns_hostname_type_on_launch": "ip-name",
            "tags": null,
            "tags_all": {},
            "timeouts": null,
            "vpc_id": "vpc-07c89ee5353d129ef"
          },
          "sensitive_attributes": [],
          "private": "eyJlMmJmYjczMC1lY2FhLTExZTYtOGY4OC0zNDM2M2JjN2M0YzAiOnsiY3JlYXRlIjo2MDAwMDAwMDAwMDAsImRlbGV0ZSI6MTIwMDAwMDAwMDAwMH0sInNjaGVtYV92ZXJzaW9uIjoiMSJ9",
          "dependencies": [
            "module.vpc.aws_vpc.app_vpc"
          ],
          "create_before_destroy": true
        }
      ]
    },
    {
      "module": "module.vpc",
      "mode": "managed",
      "type": "aws_subnet",
      "name": "private_subnet_a",
      "provider": "provider[\"registry.terraform.io/hashicorp/aws\"]",
      "instances": [
        {
          "schema_version": 1,
          "attributes": {
            "arn": "arn:aws:ec2:eu-west-3:700778905650:subnet/subnet-0b81c38a97810b549",
            "assign_ipv6_address_on_creation": false,
            "availability_zone": "eu-west-3a",
            "availability_zone_id": "euw3-az1",
            "cidr_block": "10.0.3.0/24",
            "customer_owned_ipv4_pool": "",
            "enable_dns64": false,
            "enable_lni_at_device_index": 0,
            "enable_resource_name_dns_a_record_on_launch": false,
            "enable_resource_name_dns_aaaa_record_on_launch": false,
            "id": "subnet-0b81c38a97810b549",
            "ipv6_cidr_block": "",
            "ipv6_cidr_block_association_id": "",
            "ipv6_native": false,
            "map_customer_owned_ip_on_launch": false,
            "map_public_ip_on_launch": false,
            "outpost_arn": "",
            "owner_id": "700778905650",
            "private_dns_hostname_type_on_launch": "ip-name",
            "tags": {
              "Name": "app-a"
            },
            "tags_all": {
              "Name": "app-a"
            },
            "timeouts": null,
            "vpc_id": "vpc-07c89ee5353d129ef"
          },
          "sensitive_attributes": [],
          "private": "eyJlMmJmYjczMC1lY2FhLTExZTYtOGY4OC0zNDM2M2JjN2M0YzAiOnsiY3JlYXRlIjo2MDAwMDAwMDAwMDAsImRlbGV0ZSI6MTIwMDAwMDAwMDAwMH0sInNjaGVtYV92ZXJzaW9uIjoiMSJ9",
          "dependencies": [
            "module.vpc.aws_vpc.app_vpc"
          ],
          "create_before_destroy": true
        }
      ]
    },
    {
      "module": "module.vpc",
      "mode": "managed",
      "type": "aws_subnet",
      "name": "private_subnet_b",
      "provider": "provider[\"registry.terraform.io/hashicorp/aws\"]",
      "instances": [
        {
          "schema_version": 1,
          "attributes": {
            "arn": "arn:aws:ec2:eu-west-3:700778905650:subnet/subnet-04d43ef96ef994406",
            "assign_ipv6_address_on_creation": false,
            "availability_zone": "eu-west-3b",
            "availability_zone_id": "euw3-az2",
            "cidr_block": "10.0.4.0/24",
            "customer_owned_ipv4_pool": "",
            "enable_dns64": false,
            "enable_lni_at_device_index": 0,
            "enable_resource_name_dns_a_record_on_launch": false,
            "enable_resource_name_dns_aaaa_record_on_launch": false,
            "id": "subnet-04d43ef96ef994406",
            "ipv6_cidr_block": "",
            "ipv6_cidr_block_association_id": "",
            "ipv6_native": false,
            "map_customer_owned_ip_on_launch": false,
            "map_public_ip_on_launch": false,
            "outpost_arn": "",
            "owner_id": "700778905650",
            "private_dns_hostname_type_on_launch": "ip-name",
            "tags": {
              "Name": "app-b"
            },
            "tags_all": {
              "Name": "app-b"
            },
            "timeouts": null,
            "vpc_id": "vpc-07c89ee5353d129ef"
          },
          "sensitive_attributes": [],
          "private": "eyJlMmJmYjczMC1lY2FhLTExZTYtOGY4OC0zNDM2M2JjN2M0YzAiOnsiY3JlYXRlIjo2MDAwMDAwMDAwMDAsImRlbGV0ZSI6MTIwMDAwMDAwMDAwMH0sInNjaGVtYV92ZXJzaW9uIjoiMSJ9",
          "dependencies": [
            "module.vpc.aws_vpc.app_vpc"
          ],
          "create_before_destroy": true
        }
      ]
    },
    {
      "module": "module.vpc",
      "mode": "managed",
      "type": "aws_subnet",
      "name": "public_subnet_a",
      "provider": "provider[\"registry.terraform.io/hashicorp/aws\"]",
      "instances": [
        {
          "schema_version": 1,
          "attributes": {
            "arn": "arn:aws:ec2:eu-west-3:700778905650:subnet/subnet-0e54d5246c886029e",
            "assign_ipv6_address_on_creation": false,
            "availability_zone": "eu-west-3a",
            "availability_zone_id": "euw3-az1",
            "cidr_block": "10.0.1.0/24",
            "customer_owned_ipv4_pool": "",
            "enable_dns64": false,
            "enable_lni_at_device_index": 0,
            "enable_resource_name_dns_a_record_on_launch": false,
            "enable_resource_name_dns_aaaa_record_on_launch": false,
            "id": "subnet-0e54d5246c886029e",
            "ipv6_cidr_block": "",
            "ipv6_cidr_block_association_id": "",
            "ipv6_native": false,
            "map_customer_owned_ip_on_launch": false,
            "map_public_ip_on_launch": true,
            "outpost_arn": "",
            "owner_id": "700778905650",
            "private_dns_hostname_type_on_launch": "ip-name",
            "tags": {
              "Name": "public-a"
            },
            "tags_all": {
              "Name": "public-a"
            },
            "timeouts": null,
            "vpc_id": "vpc-07c89ee5353d129ef"
          },
          "sensitive_attributes": [],
          "private": "eyJlMmJmYjczMC1lY2FhLTExZTYtOGY4OC0zNDM2M2JjN2M0YzAiOnsiY3JlYXRlIjo2MDAwMDAwMDAwMDAsImRlbGV0ZSI6MTIwMDAwMDAwMDAwMH0sInNjaGVtYV92ZXJzaW9uIjoiMSJ9",
          "dependencies": [
            "module.vpc.aws_vpc.app_vpc"
          ]
        }
      ]
    },
    {
      "module": "module.vpc",
      "mode": "managed",
      "type": "aws_subnet",
      "name": "public_subnet_b",
      "provider": "provider[\"registry.terraform.io/hashicorp/aws\"]",
      "instances": [
        {
          "schema_version": 1,
          "attributes": {
            "arn": "arn:aws:ec2:eu-west-3:700778905650:subnet/subnet-0a42f6f2b2ffddb5a",
            "assign_ipv6_address_on_creation": false,
            "availability_zone": "eu-west-3b",
            "availability_zone_id": "euw3-az2",
            "cidr_block": "10.0.2.0/24",
            "customer_owned_ipv4_pool": "",
            "enable_dns64": false,
            "enable_lni_at_device_index": 0,
            "enable_resource_name_dns_a_record_on_launch": false,
            "enable_resource_name_dns_aaaa_record_on_launch": false,
            "id": "subnet-0a42f6f2b2ffddb5a",
            "ipv6_cidr_block": "",
            "ipv6_cidr_block_association_id": "",
            "ipv6_native": false,
            "map_customer_owned_ip_on_launch": false,
            "map_public_ip_on_launch": true,
            "outpost_arn": "",
            "owner_id": "700778905650",
            "private_dns_hostname_type_on_launch": "ip-name",
            "tags": {
              "Name": "public-b"
            },
            "tags_all": {
              "Name": "public-b"
            },
            "timeouts": null,
            "vpc_id": "vpc-07c89ee5353d129ef"
          },
          "sensitive_attributes": [],
          "private": "eyJlMmJmYjczMC1lY2FhLTExZTYtOGY4OC0zNDM2M2JjN2M0YzAiOnsiY3JlYXRlIjo2MDAwMDAwMDAwMDAsImRlbGV0ZSI6MTIwMDAwMDAwMDAwMH0sInNjaGVtYV92ZXJzaW9uIjoiMSJ9",
          "dependencies": [
            "module.vpc.aws_vpc.app_vpc"
          ]
        }
      ]
    },
    {
      "module": "module.vpc",
      "mode": "managed",
      "type": "aws_vpc",
      "name": "app_vpc",
      "provider": "provider[\"registry.terraform.io/hashicorp/aws\"]",
      "instances": [
        {
          "schema_version": 1,
          "attributes": {
            "arn": "arn:aws:ec2:eu-west-3:700778905650:vpc/vpc-07c89ee5353d129ef",
            "assign_generated_ipv6_cidr_block": false,
            "cidr_block": "10.0.0.0/16",
            "default_network_acl_id": "acl-046dbb66633cdc345",
            "default_route_table_id": "rtb-0d0cb20c0020c0323",
            "default_security_group_id": "sg-0d2ab6665f3388bef",
            "dhcp_options_id": "dopt-0c88844a4b03f2009",
            "enable_dns_hostnames": true,
            "enable_dns_support": true,
            "enable_network_address_usage_metrics": false,
            "id": "vpc-07c89ee5353d129ef",
            "instance_tenancy": "default",
            "ipv4_ipam_pool_id": null,
            "ipv4_netmask_length": null,
            "ipv6_association_id": "",
            "ipv6_cidr_block": "",
            "ipv6_cidr_block_network_border_group": "",
            "ipv6_ipam_pool_id": "",
            "ipv6_netmask_length": 0,
            "main_route_table_id": "rtb-0d0cb20c0020c0323",
            "owner_id": "700778905650",
            "tags": {
              "Name": "wordpress-vpc"
            },
            "tags_all": {
              "Name": "wordpress-vpc"
            }
          },
          "sensitive_attributes": [],
          "private": "eyJzY2hlbWFfdmVyc2lvbiI6IjEifQ==",
          "create_before_destroy": true
        }
      ]
    }
  ],
  "check_results": null
}
